
Microsoft Visual Studio Solution File, Format Version 11.00
# Visual Studio 2010
Project("{FAE04EC0-301F-11D3-BF4B-00C04F79EFBC}") = "Central", "Central\Central.csproj", "{9519DC06-0A9F-4179-B9BC-B4E901A0DA30}"
EndProject
Project("{FAE04EC0-301F-11D3-BF4B-00C04F79EFBC}") = "FeedEditor", "FeedEditor\FeedEditor.csproj", "{50B1586B-040A-4805-AC05-1C77721EF4BD}"
EndProject
Project("{FAE04EC0-301F-11D3-BF4B-00C04F79EFBC}") = "Model", "Model\Model.csproj", "{E9329C91-2656-418C-9D4A-7A4378DCD852}"
EndProject
Project("{FAE04EC0-301F-11D3-BF4B-00C04F79EFBC}") = "Common", "Common\Common.csproj", "{81AF4FA5-44F7-4010-8769-B85B8B542FA2}"
EndProject
Project("{2150E333-8FDC-42A3-9474-1A3956D46DE8}") = "Executable", "Executable", "{C6323B35-FD0B-49FB-83BB-D084DC6697DF}"
EndProject
Project("{2150E333-8FDC-42A3-9474-1A3956D46DE8}") = "Library", "Library", "{28A8FDCF-1E04-4DFE-997D-DA1EC5428D8A}"
EndProject
Project("{FAE04EC0-301F-11D3-BF4B-00C04F79EFBC}") = "Injector", "Injector\Injector.csproj", "{33DF4C92-AC4A-4A36-89A2-DB334BE3D229}"
EndProject
Project("{FAE04EC0-301F-11D3-BF4B-00C04F79EFBC}") = "Store", "Store\Store.csproj", "{BD330A44-DABF-43E9-83B4-0750F8F1DB9D}"
EndProject
Project("{FAE04EC0-301F-11D3-BF4B-00C04F79EFBC}") = "Solver", "Solver\Solver.csproj", "{ECA34CEC-F328-4149-96E0-331340599B6A}"
EndProject
Project("{FAE04EC0-301F-11D3-BF4B-00C04F79EFBC}") = "StoreService", "StoreService\StoreService.csproj", "{7334A4AA-B517-4102-8D4D-9B4B3A94C5FA}"
EndProject
Project("{FAE04EC0-301F-11D3-BF4B-00C04F79EFBC}") = "MyApps", "MyApps\MyApps.csproj", "{E1A5A7F5-8E58-43D2-AE5A-BC7307FC382A}"
EndProject
Project("{FAE04EC0-301F-11D3-BF4B-00C04F79EFBC}") = "Launcher.Cli", "Launcher.Cli\Launcher.Cli.csproj", "{B56D8478-0900-47C2-9113-1DC086A2D129}"
EndProject
Project("{FAE04EC0-301F-11D3-BF4B-00C04F79EFBC}") = "Launcher.Gui", "Launcher.Gui\Launcher.Gui.csproj", "{D9719D11-B12D-4D51-919C-73C606BA9E47}"
EndProject
Project("{FAE04EC0-301F-11D3-BF4B-00C04F79EFBC}") = "StoreManagement.Gui", "StoreManagement.Gui\StoreManagement.Gui.csproj", "{77A13B71-EF52-41C1-BB96-5337E37C4C65}"
EndProject
Project("{FAE04EC0-301F-11D3-BF4B-00C04F79EFBC}") = "StoreManagement.Cli", "StoreManagement.Cli\StoreManagement.Cli.csproj", "{05E49C84-D6AB-418A-9978-8200CB76DD39}"
EndProject
Project("{2150E333-8FDC-42A3-9474-1A3956D46DE8}") = "UniTests", "UniTests", "{6803487A-49AB-4111-AB25-D11A790D8544}"
EndProject
Project("{FAE04EC0-301F-11D3-BF4B-00C04F79EFBC}") = "Test.Model", "Test.Model\Test.Model.csproj", "{8CFCCBA6-6F95-4C81-9D57-A9E8AA2E8FF5}"
EndProject
Project("{FAE04EC0-301F-11D3-BF4B-00C04F79EFBC}") = "Test.Solver", "Test.Solver\Test.Solver.csproj", "{45843846-93BA-4026-8E0F-CC447F6DFEA5}"
EndProject
Project("{FAE04EC0-301F-11D3-BF4B-00C04F79EFBC}") = "Test.Store", "Test.Store\Test.Store.csproj", "{EEC57946-EF07-4D25-8EAF-5341BE746F7A}"
EndProject
Project("{FAE04EC0-301F-11D3-BF4B-00C04F79EFBC}") = "Test.Injector", "Test.Injector\Test.Injector.csproj", "{F1545E9E-CFE0-44BD-B376-6EC92914CDDF}"
EndProject
Project("{FAE04EC0-301F-11D3-BF4B-00C04F79EFBC}") = "Test.MyApps", "Test.MyApps\Test.MyApps.csproj", "{ACA07175-D1BE-4C64-8A58-9EF150E36714}"
EndProject
Global
	GlobalSection(SolutionConfigurationPlatforms) = preSolution
		Debug|Any CPU = Debug|Any CPU
		Release|Any CPU = Release|Any CPU
	EndGlobalSection
	GlobalSection(ProjectConfigurationPlatforms) = postSolution
		{9519DC06-0A9F-4179-B9BC-B4E901A0DA30}.Debug|Any CPU.ActiveCfg = Debug|Any CPU
		{9519DC06-0A9F-4179-B9BC-B4E901A0DA30}.Debug|Any CPU.Build.0 = Debug|Any CPU
		{9519DC06-0A9F-4179-B9BC-B4E901A0DA30}.Release|Any CPU.ActiveCfg = Release|Any CPU
		{9519DC06-0A9F-4179-B9BC-B4E901A0DA30}.Release|Any CPU.Build.0 = Release|Any CPU
		{50B1586B-040A-4805-AC05-1C77721EF4BD}.Debug|Any CPU.ActiveCfg = Debug|Any CPU
		{50B1586B-040A-4805-AC05-1C77721EF4BD}.Debug|Any CPU.Build.0 = Debug|Any CPU
		{50B1586B-040A-4805-AC05-1C77721EF4BD}.Release|Any CPU.ActiveCfg = Release|Any CPU
		{50B1586B-040A-4805-AC05-1C77721EF4BD}.Release|Any CPU.Build.0 = Release|Any CPU
		{E9329C91-2656-418C-9D4A-7A4378DCD852}.Debug|Any CPU.ActiveCfg = Debug|Any CPU
		{E9329C91-2656-418C-9D4A-7A4378DCD852}.Debug|Any CPU.Build.0 = Debug|Any CPU
		{E9329C91-2656-418C-9D4A-7A4378DCD852}.Release|Any CPU.ActiveCfg = Release|Any CPU
		{E9329C91-2656-418C-9D4A-7A4378DCD852}.Release|Any CPU.Build.0 = Release|Any CPU
		{81AF4FA5-44F7-4010-8769-B85B8B542FA2}.Debug|Any CPU.ActiveCfg = Debug|Any CPU
		{81AF4FA5-44F7-4010-8769-B85B8B542FA2}.Debug|Any CPU.Build.0 = Debug|Any CPU
		{81AF4FA5-44F7-4010-8769-B85B8B542FA2}.Release|Any CPU.ActiveCfg = Release|Any CPU
		{81AF4FA5-44F7-4010-8769-B85B8B542FA2}.Release|Any CPU.Build.0 = Release|Any CPU
		{33DF4C92-AC4A-4A36-89A2-DB334BE3D229}.Debug|Any CPU.ActiveCfg = Debug|Any CPU
		{33DF4C92-AC4A-4A36-89A2-DB334BE3D229}.Debug|Any CPU.Build.0 = Debug|Any CPU
		{33DF4C92-AC4A-4A36-89A2-DB334BE3D229}.Release|Any CPU.ActiveCfg = Release|Any CPU
		{33DF4C92-AC4A-4A36-89A2-DB334BE3D229}.Release|Any CPU.Build.0 = Release|Any CPU
		{BD330A44-DABF-43E9-83B4-0750F8F1DB9D}.Debug|Any CPU.ActiveCfg = Debug|Any CPU
		{BD330A44-DABF-43E9-83B4-0750F8F1DB9D}.Debug|Any CPU.Build.0 = Debug|Any CPU
		{BD330A44-DABF-43E9-83B4-0750F8F1DB9D}.Release|Any CPU.ActiveCfg = Release|Any CPU
		{BD330A44-DABF-43E9-83B4-0750F8F1DB9D}.Release|Any CPU.Build.0 = Release|Any CPU
		{ECA34CEC-F328-4149-96E0-331340599B6A}.Debug|Any CPU.ActiveCfg = Debug|Any CPU
		{ECA34CEC-F328-4149-96E0-331340599B6A}.Debug|Any CPU.Build.0 = Debug|Any CPU
		{ECA34CEC-F328-4149-96E0-331340599B6A}.Release|Any CPU.ActiveCfg = Release|Any CPU
		{ECA34CEC-F328-4149-96E0-331340599B6A}.Release|Any CPU.Build.0 = Release|Any CPU
		{7334A4AA-B517-4102-8D4D-9B4B3A94C5FA}.Debug|Any CPU.ActiveCfg = Debug|Any CPU
		{7334A4AA-B517-4102-8D4D-9B4B3A94C5FA}.Debug|Any CPU.Build.0 = Debug|Any CPU
		{7334A4AA-B517-4102-8D4D-9B4B3A94C5FA}.Release|Any CPU.ActiveCfg = Release|Any CPU
		{7334A4AA-B517-4102-8D4D-9B4B3A94C5FA}.Release|Any CPU.Build.0 = Release|Any CPU
		{E1A5A7F5-8E58-43D2-AE5A-BC7307FC382A}.Debug|Any CPU.ActiveCfg = Debug|Any CPU
		{E1A5A7F5-8E58-43D2-AE5A-BC7307FC382A}.Debug|Any CPU.Build.0 = Debug|Any CPU
		{E1A5A7F5-8E58-43D2-AE5A-BC7307FC382A}.Release|Any CPU.ActiveCfg = Release|Any CPU
		{E1A5A7F5-8E58-43D2-AE5A-BC7307FC382A}.Release|Any CPU.Build.0 = Release|Any CPU
		{B56D8478-0900-47C2-9113-1DC086A2D129}.Debug|Any CPU.ActiveCfg = Debug|Any CPU
		{B56D8478-0900-47C2-9113-1DC086A2D129}.Debug|Any CPU.Build.0 = Debug|Any CPU
		{B56D8478-0900-47C2-9113-1DC086A2D129}.Release|Any CPU.ActiveCfg = Release|Any CPU
		{B56D8478-0900-47C2-9113-1DC086A2D129}.Release|Any CPU.Build.0 = Release|Any CPU
		{D9719D11-B12D-4D51-919C-73C606BA9E47}.Debug|Any CPU.ActiveCfg = Debug|Any CPU
		{D9719D11-B12D-4D51-919C-73C606BA9E47}.Debug|Any CPU.Build.0 = Debug|Any CPU
		{D9719D11-B12D-4D51-919C-73C606BA9E47}.Release|Any CPU.ActiveCfg = Release|Any CPU
		{D9719D11-B12D-4D51-919C-73C606BA9E47}.Release|Any CPU.Build.0 = Release|Any CPU
		{77A13B71-EF52-41C1-BB96-5337E37C4C65}.Debug|Any CPU.ActiveCfg = Debug|Any CPU
		{77A13B71-EF52-41C1-BB96-5337E37C4C65}.Debug|Any CPU.Build.0 = Debug|Any CPU
		{77A13B71-EF52-41C1-BB96-5337E37C4C65}.Release|Any CPU.ActiveCfg = Release|Any CPU
		{77A13B71-EF52-41C1-BB96-5337E37C4C65}.Release|Any CPU.Build.0 = Release|Any CPU
		{05E49C84-D6AB-418A-9978-8200CB76DD39}.Debug|Any CPU.ActiveCfg = Debug|Any CPU
		{05E49C84-D6AB-418A-9978-8200CB76DD39}.Debug|Any CPU.Build.0 = Debug|Any CPU
		{05E49C84-D6AB-418A-9978-8200CB76DD39}.Release|Any CPU.ActiveCfg = Release|Any CPU
		{05E49C84-D6AB-418A-9978-8200CB76DD39}.Release|Any CPU.Build.0 = Release|Any CPU
		{8CFCCBA6-6F95-4C81-9D57-A9E8AA2E8FF5}.Debug|Any CPU.ActiveCfg = Debug|Any CPU
		{8CFCCBA6-6F95-4C81-9D57-A9E8AA2E8FF5}.Debug|Any CPU.Build.0 = Debug|Any CPU
		{8CFCCBA6-6F95-4C81-9D57-A9E8AA2E8FF5}.Release|Any CPU.ActiveCfg = Release|Any CPU
		{45843846-93BA-4026-8E0F-CC447F6DFEA5}.Debug|Any CPU.ActiveCfg = Debug|Any CPU
		{45843846-93BA-4026-8E0F-CC447F6DFEA5}.Debug|Any CPU.Build.0 = Debug|Any CPU
		{45843846-93BA-4026-8E0F-CC447F6DFEA5}.Release|Any CPU.ActiveCfg = Release|Any CPU
		{EEC57946-EF07-4D25-8EAF-5341BE746F7A}.Debug|Any CPU.ActiveCfg = Debug|Any CPU
		{EEC57946-EF07-4D25-8EAF-5341BE746F7A}.Debug|Any CPU.Build.0 = Debug|Any CPU
		{EEC57946-EF07-4D25-8EAF-5341BE746F7A}.Release|Any CPU.ActiveCfg = Release|Any CPU
		{F1545E9E-CFE0-44BD-B376-6EC92914CDDF}.Debug|Any CPU.ActiveCfg = Debug|Any CPU
		{F1545E9E-CFE0-44BD-B376-6EC92914CDDF}.Debug|Any CPU.Build.0 = Debug|Any CPU
		{F1545E9E-CFE0-44BD-B376-6EC92914CDDF}.Release|Any CPU.ActiveCfg = Release|Any CPU
		{ACA07175-D1BE-4C64-8A58-9EF150E36714}.Debug|Any CPU.ActiveCfg = Debug|Any CPU
		{ACA07175-D1BE-4C64-8A58-9EF150E36714}.Debug|Any CPU.Build.0 = Debug|Any CPU
		{ACA07175-D1BE-4C64-8A58-9EF150E36714}.Release|Any CPU.ActiveCfg = Release|Any CPU
	EndGlobalSection
	GlobalSection(SolutionProperties) = preSolution
		HideSolutionNode = FALSE
	EndGlobalSection
	GlobalSection(NestedProjects) = preSolution
		{50B1586B-040A-4805-AC05-1C77721EF4BD} = {C6323B35-FD0B-49FB-83BB-D084DC6697DF}
		{9519DC06-0A9F-4179-B9BC-B4E901A0DA30} = {C6323B35-FD0B-49FB-83BB-D084DC6697DF}
		{7334A4AA-B517-4102-8D4D-9B4B3A94C5FA} = {C6323B35-FD0B-49FB-83BB-D084DC6697DF}
		{B56D8478-0900-47C2-9113-1DC086A2D129} = {C6323B35-FD0B-49FB-83BB-D084DC6697DF}
		{D9719D11-B12D-4D51-919C-73C606BA9E47} = {C6323B35-FD0B-49FB-83BB-D084DC6697DF}
		{77A13B71-EF52-41C1-BB96-5337E37C4C65} = {C6323B35-FD0B-49FB-83BB-D084DC6697DF}
		{05E49C84-D6AB-418A-9978-8200CB76DD39} = {C6323B35-FD0B-49FB-83BB-D084DC6697DF}
		{81AF4FA5-44F7-4010-8769-B85B8B542FA2} = {28A8FDCF-1E04-4DFE-997D-DA1EC5428D8A}
		{E9329C91-2656-418C-9D4A-7A4378DCD852} = {28A8FDCF-1E04-4DFE-997D-DA1EC5428D8A}
		{33DF4C92-AC4A-4A36-89A2-DB334BE3D229} = {28A8FDCF-1E04-4DFE-997D-DA1EC5428D8A}
		{BD330A44-DABF-43E9-83B4-0750F8F1DB9D} = {28A8FDCF-1E04-4DFE-997D-DA1EC5428D8A}
		{ECA34CEC-F328-4149-96E0-331340599B6A} = {28A8FDCF-1E04-4DFE-997D-DA1EC5428D8A}
		{E1A5A7F5-8E58-43D2-AE5A-BC7307FC382A} = {28A8FDCF-1E04-4DFE-997D-DA1EC5428D8A}
		{6803487A-49AB-4111-AB25-D11A790D8544} = {28A8FDCF-1E04-4DFE-997D-DA1EC5428D8A}
		{8CFCCBA6-6F95-4C81-9D57-A9E8AA2E8FF5} = {6803487A-49AB-4111-AB25-D11A790D8544}
		{45843846-93BA-4026-8E0F-CC447F6DFEA5} = {6803487A-49AB-4111-AB25-D11A790D8544}
		{EEC57946-EF07-4D25-8EAF-5341BE746F7A} = {6803487A-49AB-4111-AB25-D11A790D8544}
		{F1545E9E-CFE0-44BD-B376-6EC92914CDDF} = {6803487A-49AB-4111-AB25-D11A790D8544}
		{ACA07175-D1BE-4C64-8A58-9EF150E36714} = {6803487A-49AB-4111-AB25-D11A790D8544}
	EndGlobalSection
EndGlobal
