
Microsoft Visual Studio Solution File, Format Version 11.00
# Visual Studio 2010
Project("{FAE04EC0-301F-11D3-BF4B-00C04F79EFBC}") = "Central", "Central\Central.csproj", "{9519DC06-0A9F-4179-B9BC-B4E901A0DA30}"
EndProject
Project("{FAE04EC0-301F-11D3-BF4B-00C04F79EFBC}") = "FeedEditor", "FeedEditor\FeedEditor.csproj", "{50B1586B-040A-4805-AC05-1C77721EF4BD}"
EndProject
Project("{FAE04EC0-301F-11D3-BF4B-00C04F79EFBC}") = "Model", "Model\Model.csproj", "{E9329C91-2656-418C-9D4A-7A4378DCD852}"
EndProject
Project("{FAE04EC0-301F-11D3-BF4B-00C04F79EFBC}") = "Common", "Common\Common.csproj", "{81AF4FA5-44F7-4010-8769-B85B8B542FA2}"
EndProject
Project("{2150E333-8FDC-42A3-9474-1A3956D46DE8}") = "Executable", "Executable", "{C6323B35-FD0B-49FB-83BB-D084DC6697DF}"
EndProject
Project("{2150E333-8FDC-42A3-9474-1A3956D46DE8}") = "Library", "Library", "{28A8FDCF-1E04-4DFE-997D-DA1EC5428D8A}"
EndProject
Project("{FAE04EC0-301F-11D3-BF4B-00C04F79EFBC}") = "Injector", "Injector\Injector.csproj", "{33DF4C92-AC4A-4A36-89A2-DB334BE3D229}"
EndProject
Project("{FAE04EC0-301F-11D3-BF4B-00C04F79EFBC}") = "DownloadBroker", "DownloadBroker\DownloadBroker.csproj", "{37C09DC0-86FA-422C-B7EA-6970BF348ED0}"
EndProject
Project("{FAE04EC0-301F-11D3-BF4B-00C04F79EFBC}") = "Store", "Store\Store.csproj", "{BD330A44-DABF-43E9-83B4-0750F8F1DB9D}"
EndProject
Project("{FAE04EC0-301F-11D3-BF4B-00C04F79EFBC}") = "Solver", "Solver\Solver.csproj", "{ECA34CEC-F328-4149-96E0-331340599B6A}"
EndProject
Project("{FAE04EC0-301F-11D3-BF4B-00C04F79EFBC}") = "StoreService", "StoreService\StoreService.csproj", "{7334A4AA-B517-4102-8D4D-9B4B3A94C5FA}"
EndProject
Project("{FAE04EC0-301F-11D3-BF4B-00C04F79EFBC}") = "MyApps", "MyApps\MyApps.csproj", "{E1A5A7F5-8E58-43D2-AE5A-BC7307FC382A}"
EndProject
Project("{FAE04EC0-301F-11D3-BF4B-00C04F79EFBC}") = "Injector.Cli", "Injector.Cli\Injector.Cli.csproj", "{B56D8478-0900-47C2-9113-1DC086A2D129}"
EndProject
Project("{FAE04EC0-301F-11D3-BF4B-00C04F79EFBC}") = "Injector.Gui", "Injector.Gui\Injector.Gui.csproj", "{D9719D11-B12D-4D51-919C-73C606BA9E47}"
EndProject
Project("{FAE04EC0-301F-11D3-BF4B-00C04F79EFBC}") = "StoreManagement.Gui", "StoreManagement.Gui\StoreManagement.Gui.csproj", "{77A13B71-EF52-41C1-BB96-5337E37C4C65}"
EndProject
Project("{FAE04EC0-301F-11D3-BF4B-00C04F79EFBC}") = "StoreManagement.Cli", "StoreManagement.Cli\StoreManagement.Cli.csproj", "{05E49C84-D6AB-418A-9978-8200CB76DD39}"
EndProject
Project("{2150E333-8FDC-42A3-9474-1A3956D46DE8}") = "UnitTests", "UnitTests", "{6803487A-49AB-4111-AB25-D11A790D8544}"
EndProject
Project("{FAE04EC0-301F-11D3-BF4B-00C04F79EFBC}") = "Test.Model", "Test.Model\Test.Model.csproj", "{8CFCCBA6-6F95-4C81-9D57-A9E8AA2E8FF5}"
EndProject
Project("{FAE04EC0-301F-11D3-BF4B-00C04F79EFBC}") = "Test.Solver", "Test.Solver\Test.Solver.csproj", "{45843846-93BA-4026-8E0F-CC447F6DFEA5}"
EndProject
Project("{FAE04EC0-301F-11D3-BF4B-00C04F79EFBC}") = "Test.Store", "Test.Store\Test.Store.csproj", "{EEC57946-EF07-4D25-8EAF-5341BE746F7A}"
EndProject
Project("{FAE04EC0-301F-11D3-BF4B-00C04F79EFBC}") = "Test.Injector", "Test.Injector\Test.Injector.csproj", "{F1545E9E-CFE0-44BD-B376-6EC92914CDDF}"
EndProject
Project("{FAE04EC0-301F-11D3-BF4B-00C04F79EFBC}") = "Test.MyApps", "Test.MyApps\Test.MyApps.csproj", "{ACA07175-D1BE-4C64-8A58-9EF150E36714}"
EndProject
Project("{FAE04EC0-301F-11D3-BF4B-00C04F79EFBC}") = "Test.Common", "Test.Common\Test.Common.csproj", "{CA9D6092-4365-4385-9700-9570A98EF09D}"
EndProject
Project("{FAE04EC0-301F-11D3-BF4B-00C04F79EFBC}") = "Test.DownloadBroker", "Test.DownloadBroker\Test.DownloadBroker.csproj", "{927ACF8A-2A47-46F5-8EDD-36D3F9B90C17}"
EndProject
Project("{2150E333-8FDC-42A3-9474-1A3956D46DE8}") = "UnitTests", "UnitTests", "{18AF9B13-2F58-4EAC-B2BC-74EF2C253288}"
EndProject
Project("{FAE04EC0-301F-11D3-BF4B-00C04F79EFBC}") = "Test.FeedEditor", "Test.FeedEditor\Test.FeedEditor.csproj", "{3A9E9BC7-D028-4AF5-8017-5EC32B668F3A}"
EndProject
Project("{FAE04EC0-301F-11D3-BF4B-00C04F79EFBC}") = "Test.Central", "Test.Central\Test.Central.csproj", "{420808F0-7B29-423E-B035-C7099E3D3B81}"
EndProject
Project("{FAE04EC0-301F-11D3-BF4B-00C04F79EFBC}") = "Test.StoreService", "Test.StoreService\Test.StoreService.csproj", "{D85C15B4-8DCE-4CE5-B236-3C6092DAE463}"
EndProject
Project("{FAE04EC0-301F-11D3-BF4B-00C04F79EFBC}") = "Test.Injector.Cli", "Test.Injector.Cli\Test.Injector.Cli.csproj", "{01B65ACA-D350-4C93-BCDB-FB183425137C}"
EndProject
Project("{FAE04EC0-301F-11D3-BF4B-00C04F79EFBC}") = "Test.Injector.Gui", "Test.Injector.Gui\Test.Injector.Gui.csproj", "{06237727-AEA0-4E42-85C0-C0886F425352}"
EndProject
Project("{FAE04EC0-301F-11D3-BF4B-00C04F79EFBC}") = "Test.StoreManagement.Cli", "Test.StoreManagement.Cli\Test.StoreManagement.Cli.csproj", "{9CBAF96C-8485-47F7-B8C4-63DA31933561}"
EndProject
Project("{FAE04EC0-301F-11D3-BF4B-00C04F79EFBC}") = "Test.StoreManagement.Gui", "Test.StoreManagement.Gui\Test.StoreManagement.Gui.csproj", "{2121B682-D0CD-4F85-A65B-02A386670568}"
EndProject
Project("{F088123C-0E9E-452A-89E6-6BA2F21D5CAC}") = "Modeling", "Modeling\Modeling.modelproj", "{DF2B2769-128D-4754-8D81-AD8653C43B5C}"
EndProject
Global
	GlobalSection(SolutionConfigurationPlatforms) = preSolution
		Debug|Any CPU = Debug|Any CPU
		Release|Any CPU = Release|Any CPU
	EndGlobalSection
	GlobalSection(ProjectConfigurationPlatforms) = postSolution
		{9519DC06-0A9F-4179-B9BC-B4E901A0DA30}.Debug|Any CPU.ActiveCfg = Debug|Any CPU
		{9519DC06-0A9F-4179-B9BC-B4E901A0DA30}.Debug|Any CPU.Build.0 = Debug|Any CPU
		{9519DC06-0A9F-4179-B9BC-B4E901A0DA30}.Release|Any CPU.ActiveCfg = Release|Any CPU
		{9519DC06-0A9F-4179-B9BC-B4E901A0DA30}.Release|Any CPU.Build.0 = Release|Any CPU
		{50B1586B-040A-4805-AC05-1C77721EF4BD}.Debug|Any CPU.ActiveCfg = Debug|Any CPU
		{50B1586B-040A-4805-AC05-1C77721EF4BD}.Debug|Any CPU.Build.0 = Debug|Any CPU
		{50B1586B-040A-4805-AC05-1C77721EF4BD}.Release|Any CPU.ActiveCfg = Release|Any CPU
		{50B1586B-040A-4805-AC05-1C77721EF4BD}.Release|Any CPU.Build.0 = Release|Any CPU
		{E9329C91-2656-418C-9D4A-7A4378DCD852}.Debug|Any CPU.ActiveCfg = Debug|Any CPU
		{E9329C91-2656-418C-9D4A-7A4378DCD852}.Debug|Any CPU.Build.0 = Debug|Any CPU
		{E9329C91-2656-418C-9D4A-7A4378DCD852}.Release|Any CPU.ActiveCfg = Release|Any CPU
		{E9329C91-2656-418C-9D4A-7A4378DCD852}.Release|Any CPU.Build.0 = Release|Any CPU
		{81AF4FA5-44F7-4010-8769-B85B8B542FA2}.Debug|Any CPU.ActiveCfg = Debug|Any CPU
		{81AF4FA5-44F7-4010-8769-B85B8B542FA2}.Debug|Any CPU.Build.0 = Debug|Any CPU
		{81AF4FA5-44F7-4010-8769-B85B8B542FA2}.Release|Any CPU.ActiveCfg = Release|Any CPU
		{81AF4FA5-44F7-4010-8769-B85B8B542FA2}.Release|Any CPU.Build.0 = Release|Any CPU
		{33DF4C92-AC4A-4A36-89A2-DB334BE3D229}.Debug|Any CPU.ActiveCfg = Debug|Any CPU
		{33DF4C92-AC4A-4A36-89A2-DB334BE3D229}.Debug|Any CPU.Build.0 = Debug|Any CPU
		{33DF4C92-AC4A-4A36-89A2-DB334BE3D229}.Release|Any CPU.ActiveCfg = Release|Any CPU
		{33DF4C92-AC4A-4A36-89A2-DB334BE3D229}.Release|Any CPU.Build.0 = Release|Any CPU
		{37C09DC0-86FA-422C-B7EA-6970BF348ED0}.Debug|Any CPU.ActiveCfg = Debug|Any CPU
		{37C09DC0-86FA-422C-B7EA-6970BF348ED0}.Debug|Any CPU.Build.0 = Debug|Any CPU
		{37C09DC0-86FA-422C-B7EA-6970BF348ED0}.Release|Any CPU.ActiveCfg = Release|Any CPU
		{37C09DC0-86FA-422C-B7EA-6970BF348ED0}.Release|Any CPU.Build.0 = Release|Any CPU
		{BD330A44-DABF-43E9-83B4-0750F8F1DB9D}.Debug|Any CPU.ActiveCfg = Debug|Any CPU
		{BD330A44-DABF-43E9-83B4-0750F8F1DB9D}.Debug|Any CPU.Build.0 = Debug|Any CPU
		{BD330A44-DABF-43E9-83B4-0750F8F1DB9D}.Release|Any CPU.ActiveCfg = Release|Any CPU
		{BD330A44-DABF-43E9-83B4-0750F8F1DB9D}.Release|Any CPU.Build.0 = Release|Any CPU
		{ECA34CEC-F328-4149-96E0-331340599B6A}.Debug|Any CPU.ActiveCfg = Debug|Any CPU
		{ECA34CEC-F328-4149-96E0-331340599B6A}.Debug|Any CPU.Build.0 = Debug|Any CPU
		{ECA34CEC-F328-4149-96E0-331340599B6A}.Release|Any CPU.ActiveCfg = Release|Any CPU
		{ECA34CEC-F328-4149-96E0-331340599B6A}.Release|Any CPU.Build.0 = Release|Any CPU
		{7334A4AA-B517-4102-8D4D-9B4B3A94C5FA}.Debug|Any CPU.ActiveCfg = Debug|Any CPU
		{7334A4AA-B517-4102-8D4D-9B4B3A94C5FA}.Debug|Any CPU.Build.0 = Debug|Any CPU
		{7334A4AA-B517-4102-8D4D-9B4B3A94C5FA}.Release|Any CPU.ActiveCfg = Release|Any CPU
		{7334A4AA-B517-4102-8D4D-9B4B3A94C5FA}.Release|Any CPU.Build.0 = Release|Any CPU
		{E1A5A7F5-8E58-43D2-AE5A-BC7307FC382A}.Debug|Any CPU.ActiveCfg = Debug|Any CPU
		{E1A5A7F5-8E58-43D2-AE5A-BC7307FC382A}.Debug|Any CPU.Build.0 = Debug|Any CPU
		{E1A5A7F5-8E58-43D2-AE5A-BC7307FC382A}.Release|Any CPU.ActiveCfg = Release|Any CPU
		{E1A5A7F5-8E58-43D2-AE5A-BC7307FC382A}.Release|Any CPU.Build.0 = Release|Any CPU
		{B56D8478-0900-47C2-9113-1DC086A2D129}.Debug|Any CPU.ActiveCfg = Debug|Any CPU
		{B56D8478-0900-47C2-9113-1DC086A2D129}.Debug|Any CPU.Build.0 = Debug|Any CPU
		{B56D8478-0900-47C2-9113-1DC086A2D129}.Release|Any CPU.ActiveCfg = Release|Any CPU
		{B56D8478-0900-47C2-9113-1DC086A2D129}.Release|Any CPU.Build.0 = Release|Any CPU
		{D9719D11-B12D-4D51-919C-73C606BA9E47}.Debug|Any CPU.ActiveCfg = Debug|Any CPU
		{D9719D11-B12D-4D51-919C-73C606BA9E47}.Debug|Any CPU.Build.0 = Debug|Any CPU
		{D9719D11-B12D-4D51-919C-73C606BA9E47}.Release|Any CPU.ActiveCfg = Release|Any CPU
		{D9719D11-B12D-4D51-919C-73C606BA9E47}.Release|Any CPU.Build.0 = Release|Any CPU
		{77A13B71-EF52-41C1-BB96-5337E37C4C65}.Debug|Any CPU.ActiveCfg = Debug|Any CPU
		{77A13B71-EF52-41C1-BB96-5337E37C4C65}.Debug|Any CPU.Build.0 = Debug|Any CPU
		{77A13B71-EF52-41C1-BB96-5337E37C4C65}.Release|Any CPU.ActiveCfg = Release|Any CPU
		{77A13B71-EF52-41C1-BB96-5337E37C4C65}.Release|Any CPU.Build.0 = Release|Any CPU
		{05E49C84-D6AB-418A-9978-8200CB76DD39}.Debug|Any CPU.ActiveCfg = Debug|Any CPU
		{05E49C84-D6AB-418A-9978-8200CB76DD39}.Debug|Any CPU.Build.0 = Debug|Any CPU
		{05E49C84-D6AB-418A-9978-8200CB76DD39}.Release|Any CPU.ActiveCfg = Release|Any CPU
		{05E49C84-D6AB-418A-9978-8200CB76DD39}.Release|Any CPU.Build.0 = Release|Any CPU
		{8CFCCBA6-6F95-4C81-9D57-A9E8AA2E8FF5}.Debug|Any CPU.ActiveCfg = Debug|Any CPU
		{8CFCCBA6-6F95-4C81-9D57-A9E8AA2E8FF5}.Debug|Any CPU.Build.0 = Debug|Any CPU
		{8CFCCBA6-6F95-4C81-9D57-A9E8AA2E8FF5}.Release|Any CPU.ActiveCfg = Release|Any CPU
		{45843846-93BA-4026-8E0F-CC447F6DFEA5}.Debug|Any CPU.ActiveCfg = Debug|Any CPU
		{45843846-93BA-4026-8E0F-CC447F6DFEA5}.Debug|Any CPU.Build.0 = Debug|Any CPU
		{45843846-93BA-4026-8E0F-CC447F6DFEA5}.Release|Any CPU.ActiveCfg = Release|Any CPU
		{EEC57946-EF07-4D25-8EAF-5341BE746F7A}.Debug|Any CPU.ActiveCfg = Debug|Any CPU
		{EEC57946-EF07-4D25-8EAF-5341BE746F7A}.Debug|Any CPU.Build.0 = Debug|Any CPU
		{EEC57946-EF07-4D25-8EAF-5341BE746F7A}.Release|Any CPU.ActiveCfg = Release|Any CPU
		{F1545E9E-CFE0-44BD-B376-6EC92914CDDF}.Debug|Any CPU.ActiveCfg = Debug|Any CPU
		{F1545E9E-CFE0-44BD-B376-6EC92914CDDF}.Debug|Any CPU.Build.0 = Debug|Any CPU
		{F1545E9E-CFE0-44BD-B376-6EC92914CDDF}.Release|Any CPU.ActiveCfg = Release|Any CPU
		{ACA07175-D1BE-4C64-8A58-9EF150E36714}.Debug|Any CPU.ActiveCfg = Debug|Any CPU
		{ACA07175-D1BE-4C64-8A58-9EF150E36714}.Debug|Any CPU.Build.0 = Debug|Any CPU
		{ACA07175-D1BE-4C64-8A58-9EF150E36714}.Release|Any CPU.ActiveCfg = Release|Any CPU
		{CA9D6092-4365-4385-9700-9570A98EF09D}.Debug|Any CPU.ActiveCfg = Debug|Any CPU
		{CA9D6092-4365-4385-9700-9570A98EF09D}.Debug|Any CPU.Build.0 = Debug|Any CPU
		{CA9D6092-4365-4385-9700-9570A98EF09D}.Release|Any CPU.ActiveCfg = Release|Any CPU
		{3A9E9BC7-D028-4AF5-8017-5EC32B668F3A}.Debug|Any CPU.ActiveCfg = Debug|Any CPU
		{3A9E9BC7-D028-4AF5-8017-5EC32B668F3A}.Debug|Any CPU.Build.0 = Debug|Any CPU
		{3A9E9BC7-D028-4AF5-8017-5EC32B668F3A}.Release|Any CPU.ActiveCfg = Release|Any CPU
		{420808F0-7B29-423E-B035-C7099E3D3B81}.Debug|Any CPU.ActiveCfg = Debug|Any CPU
		{420808F0-7B29-423E-B035-C7099E3D3B81}.Debug|Any CPU.Build.0 = Debug|Any CPU
		{420808F0-7B29-423E-B035-C7099E3D3B81}.Release|Any CPU.ActiveCfg = Release|Any CPU
		{D85C15B4-8DCE-4CE5-B236-3C6092DAE463}.Debug|Any CPU.ActiveCfg = Debug|Any CPU
		{D85C15B4-8DCE-4CE5-B236-3C6092DAE463}.Debug|Any CPU.Build.0 = Debug|Any CPU
		{D85C15B4-8DCE-4CE5-B236-3C6092DAE463}.Release|Any CPU.ActiveCfg = Release|Any CPU
		{927ACF8A-2A47-46F5-8EDD-36D3F9B90C17}.Debug|Any CPU.ActiveCfg = Debug|Any CPU
		{927ACF8A-2A47-46F5-8EDD-36D3F9B90C17}.Debug|Any CPU.Build.0 = Debug|Any CPU
		{927ACF8A-2A47-46F5-8EDD-36D3F9B90C17}.Release|Any CPU.ActiveCfg = Release|Any CPU
		{DF2B2769-128D-4754-8D81-AD8653C43B5C}.Debug|Any CPU.ActiveCfg = Debug|Any CPU
		{DF2B2769-128D-4754-8D81-AD8653C43B5C}.Debug|Any CPU.Build.0 = Debug|Any CPU
		{DF2B2769-128D-4754-8D81-AD8653C43B5C}.Release|Any CPU.ActiveCfg = Release|Any CPU
		{01B65ACA-D350-4C93-BCDB-FB183425137C}.Debug|Any CPU.ActiveCfg = Debug|Any CPU
		{01B65ACA-D350-4C93-BCDB-FB183425137C}.Debug|Any CPU.Build.0 = Debug|Any CPU
		{01B65ACA-D350-4C93-BCDB-FB183425137C}.Release|Any CPU.ActiveCfg = Release|Any CPU
		{06237727-AEA0-4E42-85C0-C0886F425352}.Debug|Any CPU.ActiveCfg = Debug|Any CPU
		{06237727-AEA0-4E42-85C0-C0886F425352}.Debug|Any CPU.Build.0 = Debug|Any CPU
		{06237727-AEA0-4E42-85C0-C0886F425352}.Release|Any CPU.ActiveCfg = Release|Any CPU
		{9CBAF96C-8485-47F7-B8C4-63DA31933561}.Debug|Any CPU.ActiveCfg = Debug|Any CPU
		{9CBAF96C-8485-47F7-B8C4-63DA31933561}.Debug|Any CPU.Build.0 = Debug|Any CPU
		{9CBAF96C-8485-47F7-B8C4-63DA31933561}.Release|Any CPU.ActiveCfg = Release|Any CPU
		{2121B682-D0CD-4F85-A65B-02A386670568}.Debug|Any CPU.ActiveCfg = Debug|Any CPU
		{2121B682-D0CD-4F85-A65B-02A386670568}.Debug|Any CPU.Build.0 = Debug|Any CPU
		{2121B682-D0CD-4F85-A65B-02A386670568}.Release|Any CPU.ActiveCfg = Release|Any CPU
	EndGlobalSection
	GlobalSection(SolutionProperties) = preSolution
		HideSolutionNode = FALSE
	EndGlobalSection
	GlobalSection(NestedProjects) = preSolution
		{50B1586B-040A-4805-AC05-1C77721EF4BD} = {C6323B35-FD0B-49FB-83BB-D084DC6697DF}
		{9519DC06-0A9F-4179-B9BC-B4E901A0DA30} = {C6323B35-FD0B-49FB-83BB-D084DC6697DF}
		{7334A4AA-B517-4102-8D4D-9B4B3A94C5FA} = {C6323B35-FD0B-49FB-83BB-D084DC6697DF}
		{B56D8478-0900-47C2-9113-1DC086A2D129} = {C6323B35-FD0B-49FB-83BB-D084DC6697DF}
		{D9719D11-B12D-4D51-919C-73C606BA9E47} = {C6323B35-FD0B-49FB-83BB-D084DC6697DF}
		{77A13B71-EF52-41C1-BB96-5337E37C4C65} = {C6323B35-FD0B-49FB-83BB-D084DC6697DF}
		{05E49C84-D6AB-418A-9978-8200CB76DD39} = {C6323B35-FD0B-49FB-83BB-D084DC6697DF}
		{18AF9B13-2F58-4EAC-B2BC-74EF2C253288} = {C6323B35-FD0B-49FB-83BB-D084DC6697DF}
		{81AF4FA5-44F7-4010-8769-B85B8B542FA2} = {28A8FDCF-1E04-4DFE-997D-DA1EC5428D8A}
		{E9329C91-2656-418C-9D4A-7A4378DCD852} = {28A8FDCF-1E04-4DFE-997D-DA1EC5428D8A}
		{33DF4C92-AC4A-4A36-89A2-DB334BE3D229} = {28A8FDCF-1E04-4DFE-997D-DA1EC5428D8A}
		{37C09DC0-86FA-422C-B7EA-6970BF348ED0} = {28A8FDCF-1E04-4DFE-997D-DA1EC5428D8A}
		{BD330A44-DABF-43E9-83B4-0750F8F1DB9D} = {28A8FDCF-1E04-4DFE-997D-DA1EC5428D8A}
		{ECA34CEC-F328-4149-96E0-331340599B6A} = {28A8FDCF-1E04-4DFE-997D-DA1EC5428D8A}
		{E1A5A7F5-8E58-43D2-AE5A-BC7307FC382A} = {28A8FDCF-1E04-4DFE-997D-DA1EC5428D8A}
		{6803487A-49AB-4111-AB25-D11A790D8544} = {28A8FDCF-1E04-4DFE-997D-DA1EC5428D8A}
		{8CFCCBA6-6F95-4C81-9D57-A9E8AA2E8FF5} = {6803487A-49AB-4111-AB25-D11A790D8544}
		{45843846-93BA-4026-8E0F-CC447F6DFEA5} = {6803487A-49AB-4111-AB25-D11A790D8544}
		{EEC57946-EF07-4D25-8EAF-5341BE746F7A} = {6803487A-49AB-4111-AB25-D11A790D8544}
		{F1545E9E-CFE0-44BD-B376-6EC92914CDDF} = {6803487A-49AB-4111-AB25-D11A790D8544}
		{ACA07175-D1BE-4C64-8A58-9EF150E36714} = {6803487A-49AB-4111-AB25-D11A790D8544}
		{CA9D6092-4365-4385-9700-9570A98EF09D} = {6803487A-49AB-4111-AB25-D11A790D8544}
		{927ACF8A-2A47-46F5-8EDD-36D3F9B90C17} = {6803487A-49AB-4111-AB25-D11A790D8544}
		{3A9E9BC7-D028-4AF5-8017-5EC32B668F3A} = {18AF9B13-2F58-4EAC-B2BC-74EF2C253288}
		{420808F0-7B29-423E-B035-C7099E3D3B81} = {18AF9B13-2F58-4EAC-B2BC-74EF2C253288}
		{D85C15B4-8DCE-4CE5-B236-3C6092DAE463} = {18AF9B13-2F58-4EAC-B2BC-74EF2C253288}
		{01B65ACA-D350-4C93-BCDB-FB183425137C} = {18AF9B13-2F58-4EAC-B2BC-74EF2C253288}
		{06237727-AEA0-4E42-85C0-C0886F425352} = {18AF9B13-2F58-4EAC-B2BC-74EF2C253288}
		{9CBAF96C-8485-47F7-B8C4-63DA31933561} = {18AF9B13-2F58-4EAC-B2BC-74EF2C253288}
		{2121B682-D0CD-4F85-A65B-02A386670568} = {18AF9B13-2F58-4EAC-B2BC-74EF2C253288}
	EndGlobalSection
EndGlobal
