
Microsoft Visual Studio Solution File, Format Version 10.00
# xbuild
Project("{FAE04EC0-301F-11D3-BF4B-00C04F79EFBC}") = "Common", "Common\Common.csproj", "{81AF4FA5-44F7-4010-8769-B85B8B542FA2}"
EndProject
Project("{FAE04EC0-301F-11D3-BF4B-00C04F79EFBC}") = "Common.Gtk", "Common.Gtk\Common.Gtk.csproj", "{D602F86B-EF33-4DB3-8FD5-18DFBB98C306}"
EndProject
Project("{FAE04EC0-301F-11D3-BF4B-00C04F79EFBC}") = "Model", "Model\Model.csproj", "{E9329C91-2656-418C-9D4A-7A4378DCD852}"
EndProject
Project("{FAE04EC0-301F-11D3-BF4B-00C04F79EFBC}") = "Store", "Store\Store.csproj", "{BD330A44-DABF-43E9-83B4-0750F8F1DB9D}"
EndProject
Project("{FAE04EC0-301F-11D3-BF4B-00C04F79EFBC}") = "Injector", "Injector\Injector.csproj", "{33DF4C92-AC4A-4A36-89A2-DB334BE3D229}"
EndProject
Project("{FAE04EC0-301F-11D3-BF4B-00C04F79EFBC}") = "Fetchers", "Fetchers\Fetchers.csproj", "{37C09DC0-86FA-422C-B7EA-6970BF348ED0}"
EndProject
Project("{FAE04EC0-301F-11D3-BF4B-00C04F79EFBC}") = "MyApps", "MyApps\MyApps.csproj", "{E1A5A7F5-8E58-43D2-AE5A-BC7307FC382A}"
EndProject
Project("{FAE04EC0-301F-11D3-BF4B-00C04F79EFBC}") = "Test.Common", "Test.Common\Test.Common.csproj", "{CA9D6092-4365-4385-9700-9570A98EF09D}"
EndProject
Project("{FAE04EC0-301F-11D3-BF4B-00C04F79EFBC}") = "Test.Backend", "Test.Backend\Test.Backend.csproj", "{06237727-AEA0-4E42-85C0-C0886F425352}"
EndProject
Project("{FAE04EC0-301F-11D3-BF4B-00C04F79EFBC}") = "Central.WinForms", "Central.WinForms\Central.WinForms.csproj", "{9519DC06-0A9F-4179-B9BC-B4E901A0DA30}"
EndProject
Project("{FAE04EC0-301F-11D3-BF4B-00C04F79EFBC}") = "Central.Gtk", "Central.Gtk\Central.Gtk.csproj", "{9F549CC7-70E8-48A4-B10F-2FA841E50238}"
EndProject
Project("{FAE04EC0-301F-11D3-BF4B-00C04F79EFBC}") = "Command.Cli", "Command.Cli\Command.Cli.csproj", "{F52544A4-EC24-11DF-8FA3-0F04E0D72085}"
EndProject
Project("{FAE04EC0-301F-11D3-BF4B-00C04F79EFBC}") = "Command.WinForms", "Command.WinForms\Command.WinForms.csproj", "{7A7F9AC4-5C3A-42D7-B3C3-0577300CA797}"
EndProject
Project("{FAE04EC0-301F-11D3-BF4B-00C04F79EFBC}") = "Command.Gtk", "Command.Gtk\Command.Gtk.csproj", "{DD118018-2B93-11E0-8896-FBD0DFD72085}"
EndProject
Project("{FAE04EC0-301F-11D3-BF4B-00C04F79EFBC}") = "Launcher.Cli", "Launcher.Cli\Launcher.Cli.csproj", "{B56D8478-0900-47C2-9113-1DC086A2D129}"
EndProject
Project("{FAE04EC0-301F-11D3-BF4B-00C04F79EFBC}") = "Launcher.WinForms", "Launcher.WinForms\Launcher.WinForms.csproj", "{D9719D11-B12D-4D51-919C-73C606BA9E47}"
EndProject
Project("{FAE04EC0-301F-11D3-BF4B-00C04F79EFBC}") = "Launcher.Gtk", "Launcher.Gtk\Launcher.Gtk.csproj", "{505541D3-61DB-4725-9753-10E3DF2434F5}"
EndProject
Project("{FAE04EC0-301F-11D3-BF4B-00C04F79EFBC}") = "Store.Management.Cli", "Store.Management.Cli\Store.Management.Cli.csproj", "{05E49C84-D6AB-418A-9978-8200CB76DD39}"
EndProject
Project("{FAE04EC0-301F-11D3-BF4B-00C04F79EFBC}") = "Store.Management.WinForms", "Store.Management.WinForms\Store.Management.WinForms.csproj", "{77A13B71-EF52-41C1-BB96-5337E37C4C65}"
EndProject
Project("{FAE04EC0-301F-11D3-BF4B-00C04F79EFBC}") = "Store.Management.Gtk", "Store.Management.Gtk\Store.Management.Gtk.csproj", "{EF3F2310-DBC2-11DF-A9EB-3290DFD72085}"
EndProject
Project("{FAE04EC0-301F-11D3-BF4B-00C04F79EFBC}") = "Test.Frontend", "Test.Frontend\Test.Frontend.csproj", "{0C8BA41E-1DF8-4B99-A867-E1A10660ECF6}"
EndProject
Project("{FAE04EC0-301F-11D3-BF4B-00C04F79EFBC}") = "Store.Service", "Store.Service\Store.Service.csproj", "{7334A4AA-B517-4102-8D4D-9B4B3A94C5FA}"
EndProject
Project("{FAE04EC0-301F-11D3-BF4B-00C04F79EFBC}") = "Publish", "Publish\Publish.csproj", "{841CD750-F9D0-4A2D-98C7-7A340C781F41}"
EndProject
Project("{FAE04EC0-301F-11D3-BF4B-00C04F79EFBC}") = "Publish.Cli", "Publish.Cli\Publish.Cli.csproj", "{4B66C00D-75B5-4535-985D-466042A09A84}"
EndProject
Project("{FAE04EC0-301F-11D3-BF4B-00C04F79EFBC}") = "Publish.WinForms", "Publish.WinForms\Publish.WinForms.csproj", "{50B1586B-040A-4805-AC05-1C77721EF4BD}"
EndProject
Project("{FAE04EC0-301F-11D3-BF4B-00C04F79EFBC}") = "Test.Tools", "Test.Tools\Test.Tools.csproj", "{3A9E9BC7-D028-4AF5-8017-5EC32B668F3A}"
EndProject
Global
	GlobalSection(SolutionConfigurationPlatforms) = preSolution
		Debug|x86 = Debug|x86
		Release|x86 = Release|x86
	EndGlobalSection
	GlobalSection(ProjectConfigurationPlatforms) = postSolution
		{81AF4FA5-44F7-4010-8769-B85B8B542FA2}.Debug|x86.ActiveCfg = Debug|Any CPU
		{81AF4FA5-44F7-4010-8769-B85B8B542FA2}.Debug|x86.Build.0 = Debug|Any CPU
		{81AF4FA5-44F7-4010-8769-B85B8B542FA2}.Release|x86.ActiveCfg = Release|Any CPU
		{81AF4FA5-44F7-4010-8769-B85B8B542FA2}.Release|x86.Build.0 = Release|Any CPU
		{D602F86B-EF33-4DB3-8FD5-18DFBB98C306}.Debug|x86.ActiveCfg = Debug|x86
		{D602F86B-EF33-4DB3-8FD5-18DFBB98C306}.Debug|x86.Build.0 = Debug|x86
		{D602F86B-EF33-4DB3-8FD5-18DFBB98C306}.Release|x86.ActiveCfg = Release|x86
		{D602F86B-EF33-4DB3-8FD5-18DFBB98C306}.Release|x86.Build.0 = Release|x86
		{E9329C91-2656-418C-9D4A-7A4378DCD852}.Debug|x86.ActiveCfg = Debug|Any CPU
		{E9329C91-2656-418C-9D4A-7A4378DCD852}.Debug|x86.Build.0 = Debug|Any CPU
		{E9329C91-2656-418C-9D4A-7A4378DCD852}.Release|x86.ActiveCfg = Release|Any CPU
		{E9329C91-2656-418C-9D4A-7A4378DCD852}.Release|x86.Build.0 = Release|Any CPU
		{BD330A44-DABF-43E9-83B4-0750F8F1DB9D}.Debug|x86.ActiveCfg = Debug|Any CPU
		{BD330A44-DABF-43E9-83B4-0750F8F1DB9D}.Debug|x86.Build.0 = Debug|Any CPU
		{BD330A44-DABF-43E9-83B4-0750F8F1DB9D}.Release|x86.ActiveCfg = Release|Any CPU
		{BD330A44-DABF-43E9-83B4-0750F8F1DB9D}.Release|x86.Build.0 = Release|Any CPU
		{33DF4C92-AC4A-4A36-89A2-DB334BE3D229}.Debug|x86.ActiveCfg = Debug|Any CPU
		{33DF4C92-AC4A-4A36-89A2-DB334BE3D229}.Debug|x86.Build.0 = Debug|Any CPU
		{33DF4C92-AC4A-4A36-89A2-DB334BE3D229}.Release|x86.ActiveCfg = Release|Any CPU
		{33DF4C92-AC4A-4A36-89A2-DB334BE3D229}.Release|x86.Build.0 = Release|Any CPU
		{37C09DC0-86FA-422C-B7EA-6970BF348ED0}.Debug|x86.ActiveCfg = Debug|Any CPU
		{37C09DC0-86FA-422C-B7EA-6970BF348ED0}.Debug|x86.Build.0 = Debug|Any CPU
		{37C09DC0-86FA-422C-B7EA-6970BF348ED0}.Release|x86.ActiveCfg = Release|Any CPU
		{37C09DC0-86FA-422C-B7EA-6970BF348ED0}.Release|x86.Build.0 = Release|Any CPU
		{E1A5A7F5-8E58-43D2-AE5A-BC7307FC382A}.Debug|x86.ActiveCfg = Debug|Any CPU
		{E1A5A7F5-8E58-43D2-AE5A-BC7307FC382A}.Debug|x86.Build.0 = Debug|Any CPU
		{E1A5A7F5-8E58-43D2-AE5A-BC7307FC382A}.Release|x86.ActiveCfg = Release|Any CPU
		{E1A5A7F5-8E58-43D2-AE5A-BC7307FC382A}.Release|x86.Build.0 = Release|Any CPU
		{CA9D6092-4365-4385-9700-9570A98EF09D}.Debug|x86.ActiveCfg = Debug|Any CPU
		{CA9D6092-4365-4385-9700-9570A98EF09D}.Debug|x86.Build.0 = Debug|Any CPU
		{CA9D6092-4365-4385-9700-9570A98EF09D}.Release|x86.ActiveCfg = Release|Any CPU
		{06237727-AEA0-4E42-85C0-C0886F425352}.Debug|x86.ActiveCfg = Debug|Any CPU
		{06237727-AEA0-4E42-85C0-C0886F425352}.Debug|x86.Build.0 = Debug|Any CPU
		{06237727-AEA0-4E42-85C0-C0886F425352}.Release|x86.ActiveCfg = Release|Any CPU
		{F52544A4-EC24-11DF-8FA3-0F04E0D72085}.Debug|x86.ActiveCfg = Debug|Any CPU
		{F52544A4-EC24-11DF-8FA3-0F04E0D72085}.Debug|x86.Build.0 = Debug|Any CPU
		{F52544A4-EC24-11DF-8FA3-0F04E0D72085}.Release|x86.ActiveCfg = Release|Any CPU
		{F52544A4-EC24-11DF-8FA3-0F04E0D72085}.Release|x86.Build.0 = Release|Any CPU
		{7A7F9AC4-5C3A-42D7-B3C3-0577300CA797}.Debug|x86.ActiveCfg = Debug|Any CPU
		{7A7F9AC4-5C3A-42D7-B3C3-0577300CA797}.Debug|x86.Build.0 = Debug|Any CPU
		{7A7F9AC4-5C3A-42D7-B3C3-0577300CA797}.Release|x86.ActiveCfg = Release|Any CPU
		{7A7F9AC4-5C3A-42D7-B3C3-0577300CA797}.Release|x86.Build.0 = Release|Any CPU
		{DD118018-2B93-11E0-8896-FBD0DFD72085}.Debug|x86.ActiveCfg = Debug|x86
		{DD118018-2B93-11E0-8896-FBD0DFD72085}.Debug|x86.Build.0 = Debug|x86
		{DD118018-2B93-11E0-8896-FBD0DFD72085}.Release|x86.ActiveCfg = Release|x86
		{DD118018-2B93-11E0-8896-FBD0DFD72085}.Release|x86.Build.0 = Release|x86
		{9519DC06-0A9F-4179-B9BC-B4E901A0DA30}.Debug|x86.ActiveCfg = Debug|Any CPU
		{9519DC06-0A9F-4179-B9BC-B4E901A0DA30}.Debug|x86.Build.0 = Debug|Any CPU
		{9519DC06-0A9F-4179-B9BC-B4E901A0DA30}.Release|x86.ActiveCfg = Release|Any CPU
		{9519DC06-0A9F-4179-B9BC-B4E901A0DA30}.Release|x86.Build.0 = Release|Any CPU
		{9F549CC7-70E8-48A4-B10F-2FA841E50238}.Debug|x86.ActiveCfg = Debug|x86
		{9F549CC7-70E8-48A4-B10F-2FA841E50238}.Debug|x86.Build.0 = Debug|x86
		{9F549CC7-70E8-48A4-B10F-2FA841E50238}.Release|x86.ActiveCfg = Release|x86
		{9F549CC7-70E8-48A4-B10F-2FA841E50238}.Release|x86.Build.0 = Release|x86
		{B56D8478-0900-47C2-9113-1DC086A2D129}.Debug|x86.ActiveCfg = Debug|Any CPU
		{B56D8478-0900-47C2-9113-1DC086A2D129}.Debug|x86.Build.0 = Debug|Any CPU
		{B56D8478-0900-47C2-9113-1DC086A2D129}.Release|x86.ActiveCfg = Release|Any CPU
		{B56D8478-0900-47C2-9113-1DC086A2D129}.Release|x86.Build.0 = Release|Any CPU
		{D9719D11-B12D-4D51-919C-73C606BA9E47}.Debug|x86.ActiveCfg = Debug|Any CPU
		{D9719D11-B12D-4D51-919C-73C606BA9E47}.Debug|x86.Build.0 = Debug|Any CPU
		{D9719D11-B12D-4D51-919C-73C606BA9E47}.Release|x86.ActiveCfg = Release|Any CPU
		{D9719D11-B12D-4D51-919C-73C606BA9E47}.Release|x86.Build.0 = Release|Any CPU
		{505541D3-61DB-4725-9753-10E3DF2434F5}.Debug|x86.ActiveCfg = Debug|x86
		{505541D3-61DB-4725-9753-10E3DF2434F5}.Debug|x86.Build.0 = Debug|x86
		{505541D3-61DB-4725-9753-10E3DF2434F5}.Release|x86.ActiveCfg = Release|x86
		{505541D3-61DB-4725-9753-10E3DF2434F5}.Release|x86.Build.0 = Release|x86
		{05E49C84-D6AB-418A-9978-8200CB76DD39}.Debug|x86.ActiveCfg = Debug|Any CPU
		{05E49C84-D6AB-418A-9978-8200CB76DD39}.Debug|x86.Build.0 = Debug|Any CPU
		{05E49C84-D6AB-418A-9978-8200CB76DD39}.Release|x86.ActiveCfg = Release|Any CPU
		{05E49C84-D6AB-418A-9978-8200CB76DD39}.Release|x86.Build.0 = Release|Any CPU
		{77A13B71-EF52-41C1-BB96-5337E37C4C65}.Debug|x86.ActiveCfg = Debug|Any CPU
		{77A13B71-EF52-41C1-BB96-5337E37C4C65}.Debug|x86.Build.0 = Debug|Any CPU
		{77A13B71-EF52-41C1-BB96-5337E37C4C65}.Release|x86.ActiveCfg = Release|Any CPU
		{77A13B71-EF52-41C1-BB96-5337E37C4C65}.Release|x86.Build.0 = Release|Any CPU
		{EF3F2310-DBC2-11DF-A9EB-3290DFD72085}.Debug|x86.ActiveCfg = Debug|x86
		{EF3F2310-DBC2-11DF-A9EB-3290DFD72085}.Debug|x86.Build.0 = Debug|x86
		{EF3F2310-DBC2-11DF-A9EB-3290DFD72085}.Release|x86.ActiveCfg = Release|x86
		{EF3F2310-DBC2-11DF-A9EB-3290DFD72085}.Release|x86.Build.0 = Release|x86
		{7334A4AA-B517-4102-8D4D-9B4B3A94C5FA}.Debug|x86.ActiveCfg = Debug|Any CPU
		{7334A4AA-B517-4102-8D4D-9B4B3A94C5FA}.Debug|x86.Build.0 = Debug|Any CPU
		{7334A4AA-B517-4102-8D4D-9B4B3A94C5FA}.Release|x86.ActiveCfg = Release|Any CPU
		{7334A4AA-B517-4102-8D4D-9B4B3A94C5FA}.Release|x86.Build.0 = Release|Any CPU
		{0C8BA41E-1DF8-4B99-A867-E1A10660ECF6}.Debug|x86.ActiveCfg = Debug|Any CPU
		{0C8BA41E-1DF8-4B99-A867-E1A10660ECF6}.Debug|x86.Build.0 = Debug|Any CPU
		{0C8BA41E-1DF8-4B99-A867-E1A10660ECF6}.Release|x86.ActiveCfg = Release|Any CPU
		{841CD750-F9D0-4A2D-98C7-7A340C781F41}.Debug|x86.ActiveCfg = Debug|Any CPU
		{841CD750-F9D0-4A2D-98C7-7A340C781F41}.Debug|x86.Build.0 = Debug|Any CPU
		{841CD750-F9D0-4A2D-98C7-7A340C781F41}.Release|x86.ActiveCfg = Release|Any CPU
		{841CD750-F9D0-4A2D-98C7-7A340C781F41}.Release|x86.Build.0 = Release|Any CPU
		{4B66C00D-75B5-4535-985D-466042A09A84}.Debug|x86.ActiveCfg = Debug|Any CPU
		{4B66C00D-75B5-4535-985D-466042A09A84}.Debug|x86.Build.0 = Debug|Any CPU
		{4B66C00D-75B5-4535-985D-466042A09A84}.Release|x86.ActiveCfg = Release|Any CPU
		{4B66C00D-75B5-4535-985D-466042A09A84}.Release|x86.Build.0 = Release|Any CPU
		{50B1586B-040A-4805-AC05-1C77721EF4BD}.Debug|x86.ActiveCfg = Debug|Any CPU
		{50B1586B-040A-4805-AC05-1C77721EF4BD}.Debug|x86.Build.0 = Debug|Any CPU
		{50B1586B-040A-4805-AC05-1C77721EF4BD}.Release|x86.ActiveCfg = Release|Any CPU
		{50B1586B-040A-4805-AC05-1C77721EF4BD}.Release|x86.Build.0 = Release|Any CPU
		{3A9E9BC7-D028-4AF5-8017-5EC32B668F3A}.Debug|x86.ActiveCfg = Debug|Any CPU
		{3A9E9BC7-D028-4AF5-8017-5EC32B668F3A}.Debug|x86.Build.0 = Debug|Any CPU
		{3A9E9BC7-D028-4AF5-8017-5EC32B668F3A}.Release|x86.ActiveCfg = Release|Any CPU
	EndGlobalSection
	GlobalSection(SolutionProperties) = preSolution
		HideSolutionNode = FALSE
	EndGlobalSection
EndGlobal
