
Microsoft Visual Studio Solution File, Format Version 11.00
# Visual Studio 2010
Project("{2150E333-8FDC-42A3-9474-1A3956D46DE8}") = "Backend", "Backend", "{1C0DE327-172C-4845-BCB2-68872A0CE9FF}"
EndProject
Project("{FAE04EC0-301F-11D3-BF4B-00C04F79EFBC}") = "Common", "Common\Common.csproj", "{81AF4FA5-44F7-4010-8769-B85B8B542FA2}"
EndProject
Project("{FAE04EC0-301F-11D3-BF4B-00C04F79EFBC}") = "Common.Wpf", "Common.Wpf\Common.Wpf.csproj", "{0EB485B7-54F6-4C09-8DC8-91521134D1FF}"
EndProject
Project("{FAE04EC0-301F-11D3-BF4B-00C04F79EFBC}") = "Model", "Model\Model.csproj", "{E9329C91-2656-418C-9D4A-7A4378DCD852}"
EndProject
Project("{FAE04EC0-301F-11D3-BF4B-00C04F79EFBC}") = "Store", "Store\Store.csproj", "{BD330A44-DABF-43E9-83B4-0750F8F1DB9D}"
EndProject
Project("{FAE04EC0-301F-11D3-BF4B-00C04F79EFBC}") = "Injector", "Injector\Injector.csproj", "{33DF4C92-AC4A-4A36-89A2-DB334BE3D229}"
EndProject
Project("{FAE04EC0-301F-11D3-BF4B-00C04F79EFBC}") = "DownloadBroker", "DownloadBroker\DownloadBroker.csproj", "{37C09DC0-86FA-422C-B7EA-6970BF348ED0}"
EndProject
Project("{FAE04EC0-301F-11D3-BF4B-00C04F79EFBC}") = "MyApps", "MyApps\MyApps.csproj", "{E1A5A7F5-8E58-43D2-AE5A-BC7307FC382A}"
EndProject
Project("{FAE04EC0-301F-11D3-BF4B-00C04F79EFBC}") = "Test.Common", "Test.Common\Test.Common.csproj", "{CA9D6092-4365-4385-9700-9570A98EF09D}"
EndProject
Project("{FAE04EC0-301F-11D3-BF4B-00C04F79EFBC}") = "Test.Backend", "Test.Backend\Test.Backend.csproj", "{06237727-AEA0-4E42-85C0-C0886F425352}"
EndProject
Project("{2150E333-8FDC-42A3-9474-1A3956D46DE8}") = "Frontend", "Frontend", "{C6323B35-FD0B-49FB-83BB-D084DC6697DF}"
EndProject
Project("{FAE04EC0-301F-11D3-BF4B-00C04F79EFBC}") = "Central.WinForms", "Central.WinForms\Central.WinForms.csproj", "{9519DC06-0A9F-4179-B9BC-B4E901A0DA30}"
	ProjectSection(ProjectDependencies) = postProject
		{D9719D11-B12D-4D51-919C-73C606BA9E47} = {D9719D11-B12D-4D51-919C-73C606BA9E47}
		{B56D8478-0900-47C2-9113-1DC086A2D129} = {B56D8478-0900-47C2-9113-1DC086A2D129}
	EndProjectSection
EndProject
Project("{FAE04EC0-301F-11D3-BF4B-00C04F79EFBC}") = "Central.Wpf", "Central.Wpf\Central.Wpf.csproj", "{8A5ED9E5-B11F-4574-AAD6-7260B0A4C3F8}"
	ProjectSection(ProjectDependencies) = postProject
		{D9719D11-B12D-4D51-919C-73C606BA9E47} = {D9719D11-B12D-4D51-919C-73C606BA9E47}
		{B56D8478-0900-47C2-9113-1DC086A2D129} = {B56D8478-0900-47C2-9113-1DC086A2D129}
	EndProjectSection
EndProject
Project("{FAE04EC0-301F-11D3-BF4B-00C04F79EFBC}") = "Injector.Cli", "Injector.Cli\Injector.Cli.csproj", "{B56D8478-0900-47C2-9113-1DC086A2D129}"
EndProject
Project("{FAE04EC0-301F-11D3-BF4B-00C04F79EFBC}") = "Injector.WinForms", "Injector.WinForms\Injector.WinForms.csproj", "{D9719D11-B12D-4D51-919C-73C606BA9E47}"
EndProject
Project("{FAE04EC0-301F-11D3-BF4B-00C04F79EFBC}") = "Store.Management.Cli", "Store.Management.Cli\Store.Management.Cli.csproj", "{05E49C84-D6AB-418A-9978-8200CB76DD39}"
EndProject
Project("{FAE04EC0-301F-11D3-BF4B-00C04F79EFBC}") = "Store.Management.WinForms", "Store.Management.WinForms\Store.Management.WinForms.csproj", "{77A13B71-EF52-41C1-BB96-5337E37C4C65}"
EndProject
Project("{FAE04EC0-301F-11D3-BF4B-00C04F79EFBC}") = "Store.Service", "Store.Service\Store.Service.csproj", "{7334A4AA-B517-4102-8D4D-9B4B3A94C5FA}"
EndProject
Project("{FAE04EC0-301F-11D3-BF4B-00C04F79EFBC}") = "Test.Frontend", "Test.Frontend\Test.Frontend.csproj", "{0C8BA41E-1DF8-4B99-A867-E1A10660ECF6}"
EndProject
Project("{2150E333-8FDC-42A3-9474-1A3956D46DE8}") = "Tools", "Tools", "{55783758-0BFF-436F-B3F8-854DA1B7E17D}"
EndProject
Project("{FAE04EC0-301F-11D3-BF4B-00C04F79EFBC}") = "Publish", "Publish\Publish.csproj", "{841CD750-F9D0-4A2D-98C7-7A340C781F41}"
EndProject
Project("{FAE04EC0-301F-11D3-BF4B-00C04F79EFBC}") = "Publish.Cli", "Publish.Cli\Publish.Cli.csproj", "{4B66C00D-75B5-4535-985D-466042A09A84}"
EndProject
Project("{FAE04EC0-301F-11D3-BF4B-00C04F79EFBC}") = "Publish.WinForms", "Publish.WinForms\Publish.WinForms.csproj", "{50B1586B-040A-4805-AC05-1C77721EF4BD}"
EndProject
Project("{FAE04EC0-301F-11D3-BF4B-00C04F79EFBC}") = "Test.Tools", "Test.Tools\Test.Tools.csproj", "{3A9E9BC7-D028-4AF5-8017-5EC32B668F3A}"
EndProject
Project("{F088123C-0E9E-452A-89E6-6BA2F21D5CAC}") = "Modeling", "Modeling\Modeling.modelproj", "{DF2B2769-128D-4754-8D81-AD8653C43B5C}"
EndProject
Global
	GlobalSection(SolutionConfigurationPlatforms) = preSolution
		Debug|Any CPU = Debug|Any CPU
		Release|Any CPU = Release|Any CPU
	EndGlobalSection
	GlobalSection(ProjectConfigurationPlatforms) = postSolution
		{81AF4FA5-44F7-4010-8769-B85B8B542FA2}.Debug|Any CPU.ActiveCfg = Debug|Any CPU
		{81AF4FA5-44F7-4010-8769-B85B8B542FA2}.Debug|Any CPU.Build.0 = Debug|Any CPU
		{81AF4FA5-44F7-4010-8769-B85B8B542FA2}.Release|Any CPU.ActiveCfg = Release|Any CPU
		{81AF4FA5-44F7-4010-8769-B85B8B542FA2}.Release|Any CPU.Build.0 = Release|Any CPU
		{0EB485B7-54F6-4C09-8DC8-91521134D1FF}.Debug|Any CPU.ActiveCfg = Debug|Any CPU
		{0EB485B7-54F6-4C09-8DC8-91521134D1FF}.Debug|Any CPU.Build.0 = Debug|Any CPU
		{0EB485B7-54F6-4C09-8DC8-91521134D1FF}.Release|Any CPU.ActiveCfg = Release|Any CPU
		{0EB485B7-54F6-4C09-8DC8-91521134D1FF}.Release|Any CPU.Build.0 = Release|Any CPU
		{E9329C91-2656-418C-9D4A-7A4378DCD852}.Debug|Any CPU.ActiveCfg = Debug|Any CPU
		{E9329C91-2656-418C-9D4A-7A4378DCD852}.Debug|Any CPU.Build.0 = Debug|Any CPU
		{E9329C91-2656-418C-9D4A-7A4378DCD852}.Release|Any CPU.ActiveCfg = Release|Any CPU
		{E9329C91-2656-418C-9D4A-7A4378DCD852}.Release|Any CPU.Build.0 = Release|Any CPU
		{BD330A44-DABF-43E9-83B4-0750F8F1DB9D}.Debug|Any CPU.ActiveCfg = Debug|Any CPU
		{BD330A44-DABF-43E9-83B4-0750F8F1DB9D}.Debug|Any CPU.Build.0 = Debug|Any CPU
		{BD330A44-DABF-43E9-83B4-0750F8F1DB9D}.Release|Any CPU.ActiveCfg = Release|Any CPU
		{BD330A44-DABF-43E9-83B4-0750F8F1DB9D}.Release|Any CPU.Build.0 = Release|Any CPU
		{33DF4C92-AC4A-4A36-89A2-DB334BE3D229}.Debug|Any CPU.ActiveCfg = Debug|Any CPU
		{33DF4C92-AC4A-4A36-89A2-DB334BE3D229}.Debug|Any CPU.Build.0 = Debug|Any CPU
		{33DF4C92-AC4A-4A36-89A2-DB334BE3D229}.Release|Any CPU.ActiveCfg = Release|Any CPU
		{33DF4C92-AC4A-4A36-89A2-DB334BE3D229}.Release|Any CPU.Build.0 = Release|Any CPU
		{37C09DC0-86FA-422C-B7EA-6970BF348ED0}.Debug|Any CPU.ActiveCfg = Debug|Any CPU
		{37C09DC0-86FA-422C-B7EA-6970BF348ED0}.Debug|Any CPU.Build.0 = Debug|Any CPU
		{37C09DC0-86FA-422C-B7EA-6970BF348ED0}.Release|Any CPU.ActiveCfg = Release|Any CPU
		{37C09DC0-86FA-422C-B7EA-6970BF348ED0}.Release|Any CPU.Build.0 = Release|Any CPU
		{E1A5A7F5-8E58-43D2-AE5A-BC7307FC382A}.Debug|Any CPU.ActiveCfg = Debug|Any CPU
		{E1A5A7F5-8E58-43D2-AE5A-BC7307FC382A}.Debug|Any CPU.Build.0 = Debug|Any CPU
		{E1A5A7F5-8E58-43D2-AE5A-BC7307FC382A}.Release|Any CPU.ActiveCfg = Release|Any CPU
		{E1A5A7F5-8E58-43D2-AE5A-BC7307FC382A}.Release|Any CPU.Build.0 = Release|Any CPU
		{CA9D6092-4365-4385-9700-9570A98EF09D}.Debug|Any CPU.ActiveCfg = Debug|Any CPU
		{CA9D6092-4365-4385-9700-9570A98EF09D}.Debug|Any CPU.Build.0 = Debug|Any CPU
		{CA9D6092-4365-4385-9700-9570A98EF09D}.Release|Any CPU.ActiveCfg = Release|Any CPU
		{06237727-AEA0-4E42-85C0-C0886F425352}.Debug|Any CPU.ActiveCfg = Debug|Any CPU
		{06237727-AEA0-4E42-85C0-C0886F425352}.Debug|Any CPU.Build.0 = Debug|Any CPU
		{06237727-AEA0-4E42-85C0-C0886F425352}.Release|Any CPU.ActiveCfg = Release|Any CPU
		{9519DC06-0A9F-4179-B9BC-B4E901A0DA30}.Debug|Any CPU.ActiveCfg = Debug|Any CPU
		{9519DC06-0A9F-4179-B9BC-B4E901A0DA30}.Debug|Any CPU.Build.0 = Debug|Any CPU
		{9519DC06-0A9F-4179-B9BC-B4E901A0DA30}.Release|Any CPU.ActiveCfg = Release|Any CPU
		{9519DC06-0A9F-4179-B9BC-B4E901A0DA30}.Release|Any CPU.Build.0 = Release|Any CPU
		{8A5ED9E5-B11F-4574-AAD6-7260B0A4C3F8}.Debug|Any CPU.ActiveCfg = Debug|Any CPU
		{8A5ED9E5-B11F-4574-AAD6-7260B0A4C3F8}.Debug|Any CPU.Build.0 = Debug|Any CPU
		{8A5ED9E5-B11F-4574-AAD6-7260B0A4C3F8}.Release|Any CPU.ActiveCfg = Release|Any CPU
		{8A5ED9E5-B11F-4574-AAD6-7260B0A4C3F8}.Release|Any CPU.Build.0 = Release|Any CPU
		{B56D8478-0900-47C2-9113-1DC086A2D129}.Debug|Any CPU.ActiveCfg = Debug|Any CPU
		{B56D8478-0900-47C2-9113-1DC086A2D129}.Debug|Any CPU.Build.0 = Debug|Any CPU
		{B56D8478-0900-47C2-9113-1DC086A2D129}.Release|Any CPU.ActiveCfg = Release|Any CPU
		{B56D8478-0900-47C2-9113-1DC086A2D129}.Release|Any CPU.Build.0 = Release|Any CPU
		{D9719D11-B12D-4D51-919C-73C606BA9E47}.Debug|Any CPU.ActiveCfg = Debug|Any CPU
		{D9719D11-B12D-4D51-919C-73C606BA9E47}.Debug|Any CPU.Build.0 = Debug|Any CPU
		{D9719D11-B12D-4D51-919C-73C606BA9E47}.Release|Any CPU.ActiveCfg = Release|Any CPU
		{D9719D11-B12D-4D51-919C-73C606BA9E47}.Release|Any CPU.Build.0 = Release|Any CPU
		{05E49C84-D6AB-418A-9978-8200CB76DD39}.Debug|Any CPU.ActiveCfg = Debug|Any CPU
		{05E49C84-D6AB-418A-9978-8200CB76DD39}.Debug|Any CPU.Build.0 = Debug|Any CPU
		{05E49C84-D6AB-418A-9978-8200CB76DD39}.Release|Any CPU.ActiveCfg = Release|Any CPU
		{05E49C84-D6AB-418A-9978-8200CB76DD39}.Release|Any CPU.Build.0 = Release|Any CPU
		{77A13B71-EF52-41C1-BB96-5337E37C4C65}.Debug|Any CPU.ActiveCfg = Debug|Any CPU
		{77A13B71-EF52-41C1-BB96-5337E37C4C65}.Debug|Any CPU.Build.0 = Debug|Any CPU
		{77A13B71-EF52-41C1-BB96-5337E37C4C65}.Release|Any CPU.ActiveCfg = Release|Any CPU
		{77A13B71-EF52-41C1-BB96-5337E37C4C65}.Release|Any CPU.Build.0 = Release|Any CPU
		{7334A4AA-B517-4102-8D4D-9B4B3A94C5FA}.Debug|Any CPU.ActiveCfg = Debug|Any CPU
		{7334A4AA-B517-4102-8D4D-9B4B3A94C5FA}.Debug|Any CPU.Build.0 = Debug|Any CPU
		{7334A4AA-B517-4102-8D4D-9B4B3A94C5FA}.Release|Any CPU.ActiveCfg = Release|Any CPU
		{7334A4AA-B517-4102-8D4D-9B4B3A94C5FA}.Release|Any CPU.Build.0 = Release|Any CPU
		{0C8BA41E-1DF8-4B99-A867-E1A10660ECF6}.Debug|Any CPU.ActiveCfg = Debug|Any CPU
		{0C8BA41E-1DF8-4B99-A867-E1A10660ECF6}.Debug|Any CPU.Build.0 = Debug|Any CPU
		{0C8BA41E-1DF8-4B99-A867-E1A10660ECF6}.Release|Any CPU.ActiveCfg = Release|Any CPU
		{841CD750-F9D0-4A2D-98C7-7A340C781F41}.Debug|Any CPU.ActiveCfg = Debug|Any CPU
		{841CD750-F9D0-4A2D-98C7-7A340C781F41}.Debug|Any CPU.Build.0 = Debug|Any CPU
		{841CD750-F9D0-4A2D-98C7-7A340C781F41}.Release|Any CPU.ActiveCfg = Release|Any CPU
		{841CD750-F9D0-4A2D-98C7-7A340C781F41}.Release|Any CPU.Build.0 = Release|Any CPU
		{4B66C00D-75B5-4535-985D-466042A09A84}.Debug|Any CPU.ActiveCfg = Debug|Any CPU
		{4B66C00D-75B5-4535-985D-466042A09A84}.Debug|Any CPU.Build.0 = Debug|Any CPU
		{4B66C00D-75B5-4535-985D-466042A09A84}.Release|Any CPU.ActiveCfg = Release|Any CPU
		{4B66C00D-75B5-4535-985D-466042A09A84}.Release|Any CPU.Build.0 = Release|Any CPU
		{50B1586B-040A-4805-AC05-1C77721EF4BD}.Debug|Any CPU.ActiveCfg = Debug|Any CPU
		{50B1586B-040A-4805-AC05-1C77721EF4BD}.Debug|Any CPU.Build.0 = Debug|Any CPU
		{50B1586B-040A-4805-AC05-1C77721EF4BD}.Release|Any CPU.ActiveCfg = Release|Any CPU
		{50B1586B-040A-4805-AC05-1C77721EF4BD}.Release|Any CPU.Build.0 = Release|Any CPU
		{3A9E9BC7-D028-4AF5-8017-5EC32B668F3A}.Debug|Any CPU.ActiveCfg = Debug|Any CPU
		{3A9E9BC7-D028-4AF5-8017-5EC32B668F3A}.Debug|Any CPU.Build.0 = Debug|Any CPU
		{3A9E9BC7-D028-4AF5-8017-5EC32B668F3A}.Release|Any CPU.ActiveCfg = Release|Any CPU
		{DF2B2769-128D-4754-8D81-AD8653C43B5C}.Debug|Any CPU.ActiveCfg = Debug|Any CPU
		{DF2B2769-128D-4754-8D81-AD8653C43B5C}.Release|Any CPU.ActiveCfg = Release|Any CPU
	EndGlobalSection
	GlobalSection(SolutionProperties) = preSolution
		HideSolutionNode = FALSE
	EndGlobalSection
	GlobalSection(NestedProjects) = preSolution
		{81AF4FA5-44F7-4010-8769-B85B8B542FA2} = {1C0DE327-172C-4845-BCB2-68872A0CE9FF}
		{0EB485B7-54F6-4C09-8DC8-91521134D1FF} = {1C0DE327-172C-4845-BCB2-68872A0CE9FF}
		{E9329C91-2656-418C-9D4A-7A4378DCD852} = {1C0DE327-172C-4845-BCB2-68872A0CE9FF}
		{BD330A44-DABF-43E9-83B4-0750F8F1DB9D} = {1C0DE327-172C-4845-BCB2-68872A0CE9FF}
		{33DF4C92-AC4A-4A36-89A2-DB334BE3D229} = {1C0DE327-172C-4845-BCB2-68872A0CE9FF}
		{37C09DC0-86FA-422C-B7EA-6970BF348ED0} = {1C0DE327-172C-4845-BCB2-68872A0CE9FF}
		{E1A5A7F5-8E58-43D2-AE5A-BC7307FC382A} = {1C0DE327-172C-4845-BCB2-68872A0CE9FF}
		{CA9D6092-4365-4385-9700-9570A98EF09D} = {1C0DE327-172C-4845-BCB2-68872A0CE9FF}
		{06237727-AEA0-4E42-85C0-C0886F425352} = {1C0DE327-172C-4845-BCB2-68872A0CE9FF}
		{9519DC06-0A9F-4179-B9BC-B4E901A0DA30} = {C6323B35-FD0B-49FB-83BB-D084DC6697DF}
		{8A5ED9E5-B11F-4574-AAD6-7260B0A4C3F8} = {C6323B35-FD0B-49FB-83BB-D084DC6697DF}
		{B56D8478-0900-47C2-9113-1DC086A2D129} = {C6323B35-FD0B-49FB-83BB-D084DC6697DF}
		{D9719D11-B12D-4D51-919C-73C606BA9E47} = {C6323B35-FD0B-49FB-83BB-D084DC6697DF}
		{05E49C84-D6AB-418A-9978-8200CB76DD39} = {C6323B35-FD0B-49FB-83BB-D084DC6697DF}
		{77A13B71-EF52-41C1-BB96-5337E37C4C65} = {C6323B35-FD0B-49FB-83BB-D084DC6697DF}
		{7334A4AA-B517-4102-8D4D-9B4B3A94C5FA} = {C6323B35-FD0B-49FB-83BB-D084DC6697DF}
		{0C8BA41E-1DF8-4B99-A867-E1A10660ECF6} = {C6323B35-FD0B-49FB-83BB-D084DC6697DF}
		{841CD750-F9D0-4A2D-98C7-7A340C781F41} = {55783758-0BFF-436F-B3F8-854DA1B7E17D}
		{4B66C00D-75B5-4535-985D-466042A09A84} = {55783758-0BFF-436F-B3F8-854DA1B7E17D}
		{50B1586B-040A-4805-AC05-1C77721EF4BD} = {55783758-0BFF-436F-B3F8-854DA1B7E17D}
		{3A9E9BC7-D028-4AF5-8017-5EC32B668F3A} = {55783758-0BFF-436F-B3F8-854DA1B7E17D}
	EndGlobalSection
EndGlobal
