
Microsoft Visual Studio Solution File, Format Version 12.00
# Visual Studio 15
VisualStudioVersion = 15.0.26430.12
MinimumVisualStudioVersion = 14.0.23107.0
Project("{2150E333-8FDC-42A3-9474-1A3956D46DE8}") = "Frontend", "Frontend", "{C6323B35-FD0B-49FB-83BB-D084DC6697DF}"
EndProject
Project("{FAE04EC0-301F-11D3-BF4B-00C04F79EFBC}") = "Central.WinForms", "Frontend\Central.WinForms\Central.WinForms.csproj", "{9519DC06-0A9F-4179-B9BC-B4E901A0DA30}"
EndProject
Project("{FAE04EC0-301F-11D3-BF4B-00C04F79EFBC}") = "Central.Gtk", "Frontend\Central.Gtk\Central.Gtk.csproj", "{9F549CC7-70E8-48A4-B10F-2FA841E50238}"
EndProject
Project("{FAE04EC0-301F-11D3-BF4B-00C04F79EFBC}") = "Central", "Frontend\Central\Central.csproj", "{47DF9A89-30C2-40B8-8DAC-363E4A4BD6B5}"
EndProject
Project("{FAE04EC0-301F-11D3-BF4B-00C04F79EFBC}") = "Commands.Gtk", "Frontend\Commands.Gtk\Commands.Gtk.csproj", "{DD118018-2B93-11E0-8896-FBD0DFD72085}"
EndProject
Project("{FAE04EC0-301F-11D3-BF4B-00C04F79EFBC}") = "Commands.WinForms", "Frontend\Commands.WinForms\Commands.WinForms.csproj", "{7A7F9AC4-5C3A-42D7-B3C3-0577300CA797}"
EndProject
Project("{FAE04EC0-301F-11D3-BF4B-00C04F79EFBC}") = "Commands.Cli", "Frontend\Commands.Cli\Commands.Cli.csproj", "{F52544A4-EC24-11DF-8FA3-0F04E0D72085}"
EndProject
Project("{FAE04EC0-301F-11D3-BF4B-00C04F79EFBC}") = "Launcher.Cli", "Frontend\Launcher.Cli\Launcher.Cli.csproj", "{B56D8478-0900-47C2-9113-1DC086A2D129}"
EndProject
Project("{FAE04EC0-301F-11D3-BF4B-00C04F79EFBC}") = "Alias.Cli", "Frontend\Alias.Cli\Alias.Cli.csproj", "{562AA611-5DE4-4175-8E60-6C8F249D16B7}"
EndProject
Project("{FAE04EC0-301F-11D3-BF4B-00C04F79EFBC}") = "Commands", "Frontend\Commands\Commands.csproj", "{606C7FB6-2C58-11E0-8161-7159DFD72085}"
EndProject
Project("{FAE04EC0-301F-11D3-BF4B-00C04F79EFBC}") = "Hooking", "Frontend\Hooking\Hooking.csproj", "{08A3AE07-4A76-4DE7-8CC7-CDB8A5014707}"
EndProject
Project("{FAE04EC0-301F-11D3-BF4B-00C04F79EFBC}") = "Store.Management.Cli", "Frontend\Store.Management.Cli\Store.Management.Cli.csproj", "{05E49C84-D6AB-418A-9978-8200CB76DD39}"
EndProject
Project("{FAE04EC0-301F-11D3-BF4B-00C04F79EFBC}") = "Store.Service", "Frontend\Store.Service\Store.Service.csproj", "{7334A4AA-B517-4102-8D4D-9B4B3A94C5FA}"
EndProject
Project("{FAE04EC0-301F-11D3-BF4B-00C04F79EFBC}") = "OneGet", "Frontend\OneGet\OneGet.csproj", "{2FCB7FA5-41A2-42B6-8825-F3A8194DB306}"
EndProject
Project("{FAE04EC0-301F-11D3-BF4B-00C04F79EFBC}") = "Frontend.UnitTests", "Frontend\UnitTests\Frontend.UnitTests.csproj", "{0C8BA41E-1DF8-4B99-A867-E1A10660ECF6}"
EndProject
Project("{2150E333-8FDC-42A3-9474-1A3956D46DE8}") = "Tools", "Tools", "{55783758-0BFF-436F-B3F8-854DA1B7E17D}"
EndProject
Project("{FAE04EC0-301F-11D3-BF4B-00C04F79EFBC}") = "Publish.WinForms", "Tools\Publish.WinForms\Publish.WinForms.csproj", "{50B1586B-040A-4805-AC05-1C77721EF4BD}"
EndProject
Project("{FAE04EC0-301F-11D3-BF4B-00C04F79EFBC}") = "Publish.Cli", "Tools\Publish.Cli\Publish.Cli.csproj", "{4B66C00D-75B5-4535-985D-466042A09A84}"
EndProject
Project("{FAE04EC0-301F-11D3-BF4B-00C04F79EFBC}") = "Publish", "Tools\Publish\Publish.csproj", "{841CD750-F9D0-4A2D-98C7-7A340C781F41}"
EndProject
Project("{FAE04EC0-301F-11D3-BF4B-00C04F79EFBC}") = "Tools.UnitTests", "Tools\UnitTests\Tools.UnitTests.csproj", "{3A9E9BC7-D028-4AF5-8017-5EC32B668F3A}"
EndProject
Project("{2150E333-8FDC-42A3-9474-1A3956D46DE8}") = "Backend", "Backend", "{1C0DE327-172C-4845-BCB2-68872A0CE9FF}"
EndProject
Project("{FAE04EC0-301F-11D3-BF4B-00C04F79EFBC}") = "Services", "Backend\Services\Services.csproj", "{8CAA29B1-94B6-46C2-AF82-E049D35775C5}"
EndProject
Project("{FAE04EC0-301F-11D3-BF4B-00C04F79EFBC}") = "Store", "Backend\Store\Store.csproj", "{BD330A44-DABF-43E9-83B4-0750F8F1DB9D}"
EndProject
Project("{FAE04EC0-301F-11D3-BF4B-00C04F79EFBC}") = "Services.Interfaces", "Backend\Services.Interfaces\Services.Interfaces.csproj", "{33DF4C92-AC4A-4A36-89A2-DB334BE3D229}"
EndProject
Project("{FAE04EC0-301F-11D3-BF4B-00C04F79EFBC}") = "DesktopIntegration", "Backend\DesktopIntegration\DesktopIntegration.csproj", "{F48937E1-3763-465F-9F12-6CBBBFF61784}"
EndProject
Project("{FAE04EC0-301F-11D3-BF4B-00C04F79EFBC}") = "Backend.UnitTests", "Backend\UnitTests\Backend.UnitTests.csproj", "{06237727-AEA0-4E42-85C0-C0886F425352}"
EndProject
Project("{FAE04EC0-301F-11D3-BF4B-00C04F79EFBC}") = "Bootstrap", "Bootstrap\Bootstrap.csproj", "{4B47068C-73D3-4F2F-BC96-8FE2B8FA4A7D}"
EndProject
Global
	GlobalSection(SolutionConfigurationPlatforms) = preSolution
		Debug|Any CPU = Debug|Any CPU
		DebugNet20|Any CPU = DebugNet20|Any CPU
		DebugNet35|Any CPU = DebugNet35|Any CPU
		Release|Any CPU = Release|Any CPU
		ReleaseNet20|Any CPU = ReleaseNet20|Any CPU
		ReleaseNet35|Any CPU = ReleaseNet35|Any CPU
	EndGlobalSection
	GlobalSection(ProjectConfigurationPlatforms) = postSolution
		{9519DC06-0A9F-4179-B9BC-B4E901A0DA30}.Debug|Any CPU.ActiveCfg = Debug|Any CPU
		{9519DC06-0A9F-4179-B9BC-B4E901A0DA30}.Debug|Any CPU.Build.0 = Debug|Any CPU
		{9519DC06-0A9F-4179-B9BC-B4E901A0DA30}.DebugNet20|Any CPU.ActiveCfg = DebugNet20|Any CPU
		{9519DC06-0A9F-4179-B9BC-B4E901A0DA30}.DebugNet20|Any CPU.Build.0 = DebugNet20|Any CPU
		{9519DC06-0A9F-4179-B9BC-B4E901A0DA30}.DebugNet35|Any CPU.ActiveCfg = DebugNet35|Any CPU
		{9519DC06-0A9F-4179-B9BC-B4E901A0DA30}.DebugNet35|Any CPU.Build.0 = DebugNet35|Any CPU
		{9519DC06-0A9F-4179-B9BC-B4E901A0DA30}.Release|Any CPU.ActiveCfg = Release|Any CPU
		{9519DC06-0A9F-4179-B9BC-B4E901A0DA30}.Release|Any CPU.Build.0 = Release|Any CPU
		{9519DC06-0A9F-4179-B9BC-B4E901A0DA30}.ReleaseNet20|Any CPU.ActiveCfg = ReleaseNet20|Any CPU
		{9519DC06-0A9F-4179-B9BC-B4E901A0DA30}.ReleaseNet20|Any CPU.Build.0 = ReleaseNet20|Any CPU
		{9519DC06-0A9F-4179-B9BC-B4E901A0DA30}.ReleaseNet35|Any CPU.ActiveCfg = ReleaseNet35|Any CPU
		{9519DC06-0A9F-4179-B9BC-B4E901A0DA30}.ReleaseNet35|Any CPU.Build.0 = ReleaseNet35|Any CPU
		{9F549CC7-70E8-48A4-B10F-2FA841E50238}.Debug|Any CPU.ActiveCfg = Debug|Any CPU
		{9F549CC7-70E8-48A4-B10F-2FA841E50238}.Debug|Any CPU.Build.0 = Debug|Any CPU
		{9F549CC7-70E8-48A4-B10F-2FA841E50238}.DebugNet20|Any CPU.ActiveCfg = Debug|Any CPU
		{9F549CC7-70E8-48A4-B10F-2FA841E50238}.DebugNet35|Any CPU.ActiveCfg = Debug|Any CPU
		{9F549CC7-70E8-48A4-B10F-2FA841E50238}.Release|Any CPU.ActiveCfg = Release|Any CPU
		{9F549CC7-70E8-48A4-B10F-2FA841E50238}.Release|Any CPU.Build.0 = Release|Any CPU
		{9F549CC7-70E8-48A4-B10F-2FA841E50238}.ReleaseNet20|Any CPU.ActiveCfg = Release|Any CPU
		{9F549CC7-70E8-48A4-B10F-2FA841E50238}.ReleaseNet35|Any CPU.ActiveCfg = Release|Any CPU
		{47DF9A89-30C2-40B8-8DAC-363E4A4BD6B5}.Debug|Any CPU.ActiveCfg = Debug|Any CPU
		{47DF9A89-30C2-40B8-8DAC-363E4A4BD6B5}.Debug|Any CPU.Build.0 = Debug|Any CPU
		{47DF9A89-30C2-40B8-8DAC-363E4A4BD6B5}.DebugNet20|Any CPU.ActiveCfg = DebugNet20|Any CPU
		{47DF9A89-30C2-40B8-8DAC-363E4A4BD6B5}.DebugNet20|Any CPU.Build.0 = DebugNet20|Any CPU
		{47DF9A89-30C2-40B8-8DAC-363E4A4BD6B5}.DebugNet35|Any CPU.ActiveCfg = DebugNet35|Any CPU
		{47DF9A89-30C2-40B8-8DAC-363E4A4BD6B5}.DebugNet35|Any CPU.Build.0 = DebugNet35|Any CPU
		{47DF9A89-30C2-40B8-8DAC-363E4A4BD6B5}.Release|Any CPU.ActiveCfg = Release|Any CPU
		{47DF9A89-30C2-40B8-8DAC-363E4A4BD6B5}.Release|Any CPU.Build.0 = Release|Any CPU
		{47DF9A89-30C2-40B8-8DAC-363E4A4BD6B5}.ReleaseNet20|Any CPU.ActiveCfg = ReleaseNet20|Any CPU
		{47DF9A89-30C2-40B8-8DAC-363E4A4BD6B5}.ReleaseNet20|Any CPU.Build.0 = ReleaseNet20|Any CPU
		{47DF9A89-30C2-40B8-8DAC-363E4A4BD6B5}.ReleaseNet35|Any CPU.ActiveCfg = ReleaseNet35|Any CPU
		{47DF9A89-30C2-40B8-8DAC-363E4A4BD6B5}.ReleaseNet35|Any CPU.Build.0 = ReleaseNet35|Any CPU
		{DD118018-2B93-11E0-8896-FBD0DFD72085}.Debug|Any CPU.ActiveCfg = Debug|Any CPU
		{DD118018-2B93-11E0-8896-FBD0DFD72085}.Debug|Any CPU.Build.0 = Debug|Any CPU
		{DD118018-2B93-11E0-8896-FBD0DFD72085}.DebugNet20|Any CPU.ActiveCfg = Debug|Any CPU
		{DD118018-2B93-11E0-8896-FBD0DFD72085}.DebugNet35|Any CPU.ActiveCfg = Debug|Any CPU
		{DD118018-2B93-11E0-8896-FBD0DFD72085}.Release|Any CPU.ActiveCfg = Release|Any CPU
		{DD118018-2B93-11E0-8896-FBD0DFD72085}.Release|Any CPU.Build.0 = Release|Any CPU
		{DD118018-2B93-11E0-8896-FBD0DFD72085}.ReleaseNet20|Any CPU.ActiveCfg = Release|Any CPU
		{DD118018-2B93-11E0-8896-FBD0DFD72085}.ReleaseNet35|Any CPU.ActiveCfg = Release|Any CPU
		{7A7F9AC4-5C3A-42D7-B3C3-0577300CA797}.Debug|Any CPU.ActiveCfg = Debug|Any CPU
		{7A7F9AC4-5C3A-42D7-B3C3-0577300CA797}.Debug|Any CPU.Build.0 = Debug|Any CPU
		{7A7F9AC4-5C3A-42D7-B3C3-0577300CA797}.DebugNet20|Any CPU.ActiveCfg = DebugNet20|Any CPU
		{7A7F9AC4-5C3A-42D7-B3C3-0577300CA797}.DebugNet20|Any CPU.Build.0 = DebugNet20|Any CPU
		{7A7F9AC4-5C3A-42D7-B3C3-0577300CA797}.DebugNet35|Any CPU.ActiveCfg = DebugNet35|Any CPU
		{7A7F9AC4-5C3A-42D7-B3C3-0577300CA797}.DebugNet35|Any CPU.Build.0 = DebugNet35|Any CPU
		{7A7F9AC4-5C3A-42D7-B3C3-0577300CA797}.Release|Any CPU.ActiveCfg = Release|Any CPU
		{7A7F9AC4-5C3A-42D7-B3C3-0577300CA797}.Release|Any CPU.Build.0 = Release|Any CPU
		{7A7F9AC4-5C3A-42D7-B3C3-0577300CA797}.ReleaseNet20|Any CPU.ActiveCfg = ReleaseNet20|Any CPU
		{7A7F9AC4-5C3A-42D7-B3C3-0577300CA797}.ReleaseNet20|Any CPU.Build.0 = ReleaseNet20|Any CPU
		{7A7F9AC4-5C3A-42D7-B3C3-0577300CA797}.ReleaseNet35|Any CPU.ActiveCfg = ReleaseNet35|Any CPU
		{7A7F9AC4-5C3A-42D7-B3C3-0577300CA797}.ReleaseNet35|Any CPU.Build.0 = ReleaseNet35|Any CPU
		{F52544A4-EC24-11DF-8FA3-0F04E0D72085}.Debug|Any CPU.ActiveCfg = Debug|Any CPU
		{F52544A4-EC24-11DF-8FA3-0F04E0D72085}.Debug|Any CPU.Build.0 = Debug|Any CPU
		{F52544A4-EC24-11DF-8FA3-0F04E0D72085}.DebugNet20|Any CPU.ActiveCfg = DebugNet20|Any CPU
		{F52544A4-EC24-11DF-8FA3-0F04E0D72085}.DebugNet20|Any CPU.Build.0 = DebugNet20|Any CPU
		{F52544A4-EC24-11DF-8FA3-0F04E0D72085}.DebugNet35|Any CPU.ActiveCfg = DebugNet35|Any CPU
		{F52544A4-EC24-11DF-8FA3-0F04E0D72085}.DebugNet35|Any CPU.Build.0 = DebugNet35|Any CPU
		{F52544A4-EC24-11DF-8FA3-0F04E0D72085}.Release|Any CPU.ActiveCfg = Release|Any CPU
		{F52544A4-EC24-11DF-8FA3-0F04E0D72085}.Release|Any CPU.Build.0 = Release|Any CPU
		{F52544A4-EC24-11DF-8FA3-0F04E0D72085}.ReleaseNet20|Any CPU.ActiveCfg = ReleaseNet20|Any CPU
		{F52544A4-EC24-11DF-8FA3-0F04E0D72085}.ReleaseNet20|Any CPU.Build.0 = ReleaseNet20|Any CPU
		{F52544A4-EC24-11DF-8FA3-0F04E0D72085}.ReleaseNet35|Any CPU.ActiveCfg = ReleaseNet35|Any CPU
		{F52544A4-EC24-11DF-8FA3-0F04E0D72085}.ReleaseNet35|Any CPU.Build.0 = ReleaseNet35|Any CPU
		{B56D8478-0900-47C2-9113-1DC086A2D129}.Debug|Any CPU.ActiveCfg = Debug|Any CPU
		{B56D8478-0900-47C2-9113-1DC086A2D129}.Debug|Any CPU.Build.0 = Debug|Any CPU
		{B56D8478-0900-47C2-9113-1DC086A2D129}.DebugNet20|Any CPU.ActiveCfg = DebugNet20|Any CPU
		{B56D8478-0900-47C2-9113-1DC086A2D129}.DebugNet20|Any CPU.Build.0 = DebugNet20|Any CPU
		{B56D8478-0900-47C2-9113-1DC086A2D129}.DebugNet35|Any CPU.ActiveCfg = DebugNet35|Any CPU
		{B56D8478-0900-47C2-9113-1DC086A2D129}.DebugNet35|Any CPU.Build.0 = DebugNet35|Any CPU
		{B56D8478-0900-47C2-9113-1DC086A2D129}.Release|Any CPU.ActiveCfg = Release|Any CPU
		{B56D8478-0900-47C2-9113-1DC086A2D129}.Release|Any CPU.Build.0 = Release|Any CPU
		{B56D8478-0900-47C2-9113-1DC086A2D129}.ReleaseNet20|Any CPU.ActiveCfg = ReleaseNet20|Any CPU
		{B56D8478-0900-47C2-9113-1DC086A2D129}.ReleaseNet20|Any CPU.Build.0 = ReleaseNet20|Any CPU
		{B56D8478-0900-47C2-9113-1DC086A2D129}.ReleaseNet35|Any CPU.ActiveCfg = ReleaseNet35|Any CPU
		{B56D8478-0900-47C2-9113-1DC086A2D129}.ReleaseNet35|Any CPU.Build.0 = ReleaseNet35|Any CPU
		{562AA611-5DE4-4175-8E60-6C8F249D16B7}.Debug|Any CPU.ActiveCfg = Debug|Any CPU
		{562AA611-5DE4-4175-8E60-6C8F249D16B7}.Debug|Any CPU.Build.0 = Debug|Any CPU
		{562AA611-5DE4-4175-8E60-6C8F249D16B7}.DebugNet20|Any CPU.ActiveCfg = DebugNet20|Any CPU
		{562AA611-5DE4-4175-8E60-6C8F249D16B7}.DebugNet20|Any CPU.Build.0 = DebugNet20|Any CPU
		{562AA611-5DE4-4175-8E60-6C8F249D16B7}.DebugNet35|Any CPU.ActiveCfg = DebugNet35|Any CPU
		{562AA611-5DE4-4175-8E60-6C8F249D16B7}.DebugNet35|Any CPU.Build.0 = DebugNet35|Any CPU
		{562AA611-5DE4-4175-8E60-6C8F249D16B7}.Release|Any CPU.ActiveCfg = Release|Any CPU
		{562AA611-5DE4-4175-8E60-6C8F249D16B7}.Release|Any CPU.Build.0 = Release|Any CPU
		{562AA611-5DE4-4175-8E60-6C8F249D16B7}.ReleaseNet20|Any CPU.ActiveCfg = ReleaseNet20|Any CPU
		{562AA611-5DE4-4175-8E60-6C8F249D16B7}.ReleaseNet20|Any CPU.Build.0 = ReleaseNet20|Any CPU
		{562AA611-5DE4-4175-8E60-6C8F249D16B7}.ReleaseNet35|Any CPU.ActiveCfg = ReleaseNet35|Any CPU
		{562AA611-5DE4-4175-8E60-6C8F249D16B7}.ReleaseNet35|Any CPU.Build.0 = ReleaseNet35|Any CPU
		{606C7FB6-2C58-11E0-8161-7159DFD72085}.Debug|Any CPU.ActiveCfg = Debug|Any CPU
		{606C7FB6-2C58-11E0-8161-7159DFD72085}.Debug|Any CPU.Build.0 = Debug|Any CPU
		{606C7FB6-2C58-11E0-8161-7159DFD72085}.DebugNet20|Any CPU.ActiveCfg = DebugNet20|Any CPU
		{606C7FB6-2C58-11E0-8161-7159DFD72085}.DebugNet20|Any CPU.Build.0 = DebugNet20|Any CPU
		{606C7FB6-2C58-11E0-8161-7159DFD72085}.DebugNet35|Any CPU.ActiveCfg = DebugNet35|Any CPU
		{606C7FB6-2C58-11E0-8161-7159DFD72085}.DebugNet35|Any CPU.Build.0 = DebugNet35|Any CPU
		{606C7FB6-2C58-11E0-8161-7159DFD72085}.Release|Any CPU.ActiveCfg = Release|Any CPU
		{606C7FB6-2C58-11E0-8161-7159DFD72085}.Release|Any CPU.Build.0 = Release|Any CPU
		{606C7FB6-2C58-11E0-8161-7159DFD72085}.ReleaseNet20|Any CPU.ActiveCfg = ReleaseNet20|Any CPU
		{606C7FB6-2C58-11E0-8161-7159DFD72085}.ReleaseNet20|Any CPU.Build.0 = ReleaseNet20|Any CPU
		{606C7FB6-2C58-11E0-8161-7159DFD72085}.ReleaseNet35|Any CPU.ActiveCfg = ReleaseNet35|Any CPU
		{606C7FB6-2C58-11E0-8161-7159DFD72085}.ReleaseNet35|Any CPU.Build.0 = ReleaseNet35|Any CPU
		{08A3AE07-4A76-4DE7-8CC7-CDB8A5014707}.Debug|Any CPU.ActiveCfg = Debug|Any CPU
		{08A3AE07-4A76-4DE7-8CC7-CDB8A5014707}.Debug|Any CPU.Build.0 = Debug|Any CPU
		{08A3AE07-4A76-4DE7-8CC7-CDB8A5014707}.DebugNet20|Any CPU.ActiveCfg = DebugNet20|Any CPU
		{08A3AE07-4A76-4DE7-8CC7-CDB8A5014707}.DebugNet20|Any CPU.Build.0 = DebugNet20|Any CPU
		{08A3AE07-4A76-4DE7-8CC7-CDB8A5014707}.DebugNet35|Any CPU.ActiveCfg = DebugNet35|Any CPU
		{08A3AE07-4A76-4DE7-8CC7-CDB8A5014707}.DebugNet35|Any CPU.Build.0 = DebugNet35|Any CPU
		{08A3AE07-4A76-4DE7-8CC7-CDB8A5014707}.Release|Any CPU.ActiveCfg = Release|Any CPU
		{08A3AE07-4A76-4DE7-8CC7-CDB8A5014707}.Release|Any CPU.Build.0 = Release|Any CPU
		{08A3AE07-4A76-4DE7-8CC7-CDB8A5014707}.ReleaseNet20|Any CPU.ActiveCfg = ReleaseNet20|Any CPU
		{08A3AE07-4A76-4DE7-8CC7-CDB8A5014707}.ReleaseNet20|Any CPU.Build.0 = ReleaseNet20|Any CPU
		{08A3AE07-4A76-4DE7-8CC7-CDB8A5014707}.ReleaseNet35|Any CPU.ActiveCfg = ReleaseNet35|Any CPU
		{08A3AE07-4A76-4DE7-8CC7-CDB8A5014707}.ReleaseNet35|Any CPU.Build.0 = ReleaseNet35|Any CPU
		{05E49C84-D6AB-418A-9978-8200CB76DD39}.Debug|Any CPU.ActiveCfg = Debug|Any CPU
		{05E49C84-D6AB-418A-9978-8200CB76DD39}.Debug|Any CPU.Build.0 = Debug|Any CPU
		{05E49C84-D6AB-418A-9978-8200CB76DD39}.DebugNet20|Any CPU.ActiveCfg = DebugNet20|Any CPU
		{05E49C84-D6AB-418A-9978-8200CB76DD39}.DebugNet20|Any CPU.Build.0 = DebugNet20|Any CPU
		{05E49C84-D6AB-418A-9978-8200CB76DD39}.DebugNet35|Any CPU.ActiveCfg = DebugNet35|Any CPU
		{05E49C84-D6AB-418A-9978-8200CB76DD39}.DebugNet35|Any CPU.Build.0 = DebugNet35|Any CPU
		{05E49C84-D6AB-418A-9978-8200CB76DD39}.Release|Any CPU.ActiveCfg = Release|Any CPU
		{05E49C84-D6AB-418A-9978-8200CB76DD39}.Release|Any CPU.Build.0 = Release|Any CPU
		{05E49C84-D6AB-418A-9978-8200CB76DD39}.ReleaseNet20|Any CPU.ActiveCfg = ReleaseNet20|Any CPU
		{05E49C84-D6AB-418A-9978-8200CB76DD39}.ReleaseNet20|Any CPU.Build.0 = ReleaseNet20|Any CPU
		{05E49C84-D6AB-418A-9978-8200CB76DD39}.ReleaseNet35|Any CPU.ActiveCfg = ReleaseNet35|Any CPU
		{05E49C84-D6AB-418A-9978-8200CB76DD39}.ReleaseNet35|Any CPU.Build.0 = ReleaseNet35|Any CPU
		{7334A4AA-B517-4102-8D4D-9B4B3A94C5FA}.Debug|Any CPU.ActiveCfg = Debug|Any CPU
		{7334A4AA-B517-4102-8D4D-9B4B3A94C5FA}.Debug|Any CPU.Build.0 = Debug|Any CPU
		{7334A4AA-B517-4102-8D4D-9B4B3A94C5FA}.DebugNet20|Any CPU.ActiveCfg = DebugNet20|Any CPU
		{7334A4AA-B517-4102-8D4D-9B4B3A94C5FA}.DebugNet20|Any CPU.Build.0 = DebugNet20|Any CPU
		{7334A4AA-B517-4102-8D4D-9B4B3A94C5FA}.DebugNet35|Any CPU.ActiveCfg = DebugNet35|Any CPU
		{7334A4AA-B517-4102-8D4D-9B4B3A94C5FA}.DebugNet35|Any CPU.Build.0 = DebugNet35|Any CPU
		{7334A4AA-B517-4102-8D4D-9B4B3A94C5FA}.Release|Any CPU.ActiveCfg = Release|Any CPU
		{7334A4AA-B517-4102-8D4D-9B4B3A94C5FA}.Release|Any CPU.Build.0 = Release|Any CPU
		{7334A4AA-B517-4102-8D4D-9B4B3A94C5FA}.ReleaseNet20|Any CPU.ActiveCfg = ReleaseNet20|Any CPU
		{7334A4AA-B517-4102-8D4D-9B4B3A94C5FA}.ReleaseNet20|Any CPU.Build.0 = ReleaseNet20|Any CPU
		{7334A4AA-B517-4102-8D4D-9B4B3A94C5FA}.ReleaseNet35|Any CPU.ActiveCfg = ReleaseNet35|Any CPU
		{7334A4AA-B517-4102-8D4D-9B4B3A94C5FA}.ReleaseNet35|Any CPU.Build.0 = ReleaseNet35|Any CPU
		{2FCB7FA5-41A2-42B6-8825-F3A8194DB306}.Debug|Any CPU.ActiveCfg = Debug|Any CPU
		{2FCB7FA5-41A2-42B6-8825-F3A8194DB306}.Debug|Any CPU.Build.0 = Debug|Any CPU
		{2FCB7FA5-41A2-42B6-8825-F3A8194DB306}.DebugNet20|Any CPU.ActiveCfg = DebugNet20|Any CPU
		{2FCB7FA5-41A2-42B6-8825-F3A8194DB306}.DebugNet20|Any CPU.Build.0 = DebugNet20|Any CPU
		{2FCB7FA5-41A2-42B6-8825-F3A8194DB306}.DebugNet35|Any CPU.ActiveCfg = DebugNet35|Any CPU
		{2FCB7FA5-41A2-42B6-8825-F3A8194DB306}.DebugNet35|Any CPU.Build.0 = DebugNet35|Any CPU
		{2FCB7FA5-41A2-42B6-8825-F3A8194DB306}.Release|Any CPU.ActiveCfg = Release|Any CPU
		{2FCB7FA5-41A2-42B6-8825-F3A8194DB306}.Release|Any CPU.Build.0 = Release|Any CPU
		{2FCB7FA5-41A2-42B6-8825-F3A8194DB306}.ReleaseNet20|Any CPU.ActiveCfg = ReleaseNet20|Any CPU
		{2FCB7FA5-41A2-42B6-8825-F3A8194DB306}.ReleaseNet20|Any CPU.Build.0 = ReleaseNet20|Any CPU
		{2FCB7FA5-41A2-42B6-8825-F3A8194DB306}.ReleaseNet35|Any CPU.ActiveCfg = ReleaseNet35|Any CPU
		{2FCB7FA5-41A2-42B6-8825-F3A8194DB306}.ReleaseNet35|Any CPU.Build.0 = ReleaseNet35|Any CPU
		{0C8BA41E-1DF8-4B99-A867-E1A10660ECF6}.Debug|Any CPU.ActiveCfg = Debug|Any CPU
		{0C8BA41E-1DF8-4B99-A867-E1A10660ECF6}.Debug|Any CPU.Build.0 = Debug|Any CPU
		{0C8BA41E-1DF8-4B99-A867-E1A10660ECF6}.DebugNet20|Any CPU.ActiveCfg = Debug|Any CPU
		{0C8BA41E-1DF8-4B99-A867-E1A10660ECF6}.DebugNet35|Any CPU.ActiveCfg = Debug|Any CPU
		{0C8BA41E-1DF8-4B99-A867-E1A10660ECF6}.Release|Any CPU.ActiveCfg = Release|Any CPU
		{0C8BA41E-1DF8-4B99-A867-E1A10660ECF6}.Release|Any CPU.Build.0 = Release|Any CPU
		{0C8BA41E-1DF8-4B99-A867-E1A10660ECF6}.ReleaseNet20|Any CPU.ActiveCfg = Release|Any CPU
		{0C8BA41E-1DF8-4B99-A867-E1A10660ECF6}.ReleaseNet35|Any CPU.ActiveCfg = Release|Any CPU
		{50B1586B-040A-4805-AC05-1C77721EF4BD}.Debug|Any CPU.ActiveCfg = Debug|Any CPU
		{50B1586B-040A-4805-AC05-1C77721EF4BD}.Debug|Any CPU.Build.0 = Debug|Any CPU
		{50B1586B-040A-4805-AC05-1C77721EF4BD}.DebugNet20|Any CPU.ActiveCfg = Debug|Any CPU
		{50B1586B-040A-4805-AC05-1C77721EF4BD}.DebugNet35|Any CPU.ActiveCfg = Debug|Any CPU
		{50B1586B-040A-4805-AC05-1C77721EF4BD}.Release|Any CPU.ActiveCfg = Release|Any CPU
		{50B1586B-040A-4805-AC05-1C77721EF4BD}.Release|Any CPU.Build.0 = Release|Any CPU
		{50B1586B-040A-4805-AC05-1C77721EF4BD}.ReleaseNet20|Any CPU.ActiveCfg = Release|Any CPU
		{50B1586B-040A-4805-AC05-1C77721EF4BD}.ReleaseNet35|Any CPU.ActiveCfg = Release|Any CPU
		{4B66C00D-75B5-4535-985D-466042A09A84}.Debug|Any CPU.ActiveCfg = Debug|Any CPU
		{4B66C00D-75B5-4535-985D-466042A09A84}.Debug|Any CPU.Build.0 = Debug|Any CPU
		{4B66C00D-75B5-4535-985D-466042A09A84}.DebugNet20|Any CPU.ActiveCfg = Debug|Any CPU
		{4B66C00D-75B5-4535-985D-466042A09A84}.DebugNet35|Any CPU.ActiveCfg = Debug|Any CPU
		{4B66C00D-75B5-4535-985D-466042A09A84}.Release|Any CPU.ActiveCfg = Release|Any CPU
		{4B66C00D-75B5-4535-985D-466042A09A84}.Release|Any CPU.Build.0 = Release|Any CPU
		{4B66C00D-75B5-4535-985D-466042A09A84}.ReleaseNet20|Any CPU.ActiveCfg = Release|Any CPU
		{4B66C00D-75B5-4535-985D-466042A09A84}.ReleaseNet35|Any CPU.ActiveCfg = Release|Any CPU
		{841CD750-F9D0-4A2D-98C7-7A340C781F41}.Debug|Any CPU.ActiveCfg = Debug|Any CPU
		{841CD750-F9D0-4A2D-98C7-7A340C781F41}.Debug|Any CPU.Build.0 = Debug|Any CPU
		{841CD750-F9D0-4A2D-98C7-7A340C781F41}.DebugNet20|Any CPU.ActiveCfg = Debug|Any CPU
		{841CD750-F9D0-4A2D-98C7-7A340C781F41}.DebugNet35|Any CPU.ActiveCfg = Debug|Any CPU
		{841CD750-F9D0-4A2D-98C7-7A340C781F41}.Release|Any CPU.ActiveCfg = Release|Any CPU
		{841CD750-F9D0-4A2D-98C7-7A340C781F41}.Release|Any CPU.Build.0 = Release|Any CPU
		{841CD750-F9D0-4A2D-98C7-7A340C781F41}.ReleaseNet20|Any CPU.ActiveCfg = Release|Any CPU
		{841CD750-F9D0-4A2D-98C7-7A340C781F41}.ReleaseNet35|Any CPU.ActiveCfg = Release|Any CPU
		{3A9E9BC7-D028-4AF5-8017-5EC32B668F3A}.Debug|Any CPU.ActiveCfg = Debug|Any CPU
		{3A9E9BC7-D028-4AF5-8017-5EC32B668F3A}.Debug|Any CPU.Build.0 = Debug|Any CPU
		{3A9E9BC7-D028-4AF5-8017-5EC32B668F3A}.DebugNet20|Any CPU.ActiveCfg = Debug|Any CPU
		{3A9E9BC7-D028-4AF5-8017-5EC32B668F3A}.DebugNet35|Any CPU.ActiveCfg = Debug|Any CPU
		{3A9E9BC7-D028-4AF5-8017-5EC32B668F3A}.Release|Any CPU.ActiveCfg = Release|Any CPU
		{3A9E9BC7-D028-4AF5-8017-5EC32B668F3A}.Release|Any CPU.Build.0 = Release|Any CPU
		{3A9E9BC7-D028-4AF5-8017-5EC32B668F3A}.ReleaseNet20|Any CPU.ActiveCfg = Release|Any CPU
		{3A9E9BC7-D028-4AF5-8017-5EC32B668F3A}.ReleaseNet35|Any CPU.ActiveCfg = Release|Any CPU
		{8CAA29B1-94B6-46C2-AF82-E049D35775C5}.Debug|Any CPU.ActiveCfg = Debug|Any CPU
		{8CAA29B1-94B6-46C2-AF82-E049D35775C5}.Debug|Any CPU.Build.0 = Debug|Any CPU
		{8CAA29B1-94B6-46C2-AF82-E049D35775C5}.DebugNet20|Any CPU.ActiveCfg = DebugNet20|Any CPU
		{8CAA29B1-94B6-46C2-AF82-E049D35775C5}.DebugNet20|Any CPU.Build.0 = DebugNet20|Any CPU
		{8CAA29B1-94B6-46C2-AF82-E049D35775C5}.DebugNet35|Any CPU.ActiveCfg = DebugNet35|Any CPU
		{8CAA29B1-94B6-46C2-AF82-E049D35775C5}.DebugNet35|Any CPU.Build.0 = DebugNet35|Any CPU
		{8CAA29B1-94B6-46C2-AF82-E049D35775C5}.Release|Any CPU.ActiveCfg = Release|Any CPU
		{8CAA29B1-94B6-46C2-AF82-E049D35775C5}.Release|Any CPU.Build.0 = Release|Any CPU
		{8CAA29B1-94B6-46C2-AF82-E049D35775C5}.ReleaseNet20|Any CPU.ActiveCfg = ReleaseNet20|Any CPU
		{8CAA29B1-94B6-46C2-AF82-E049D35775C5}.ReleaseNet20|Any CPU.Build.0 = ReleaseNet20|Any CPU
		{8CAA29B1-94B6-46C2-AF82-E049D35775C5}.ReleaseNet35|Any CPU.ActiveCfg = ReleaseNet35|Any CPU
		{8CAA29B1-94B6-46C2-AF82-E049D35775C5}.ReleaseNet35|Any CPU.Build.0 = ReleaseNet35|Any CPU
		{BD330A44-DABF-43E9-83B4-0750F8F1DB9D}.Debug|Any CPU.ActiveCfg = Debug|Any CPU
		{BD330A44-DABF-43E9-83B4-0750F8F1DB9D}.Debug|Any CPU.Build.0 = Debug|Any CPU
		{BD330A44-DABF-43E9-83B4-0750F8F1DB9D}.DebugNet20|Any CPU.ActiveCfg = DebugNet20|Any CPU
		{BD330A44-DABF-43E9-83B4-0750F8F1DB9D}.DebugNet20|Any CPU.Build.0 = DebugNet20|Any CPU
		{BD330A44-DABF-43E9-83B4-0750F8F1DB9D}.DebugNet35|Any CPU.ActiveCfg = DebugNet35|Any CPU
		{BD330A44-DABF-43E9-83B4-0750F8F1DB9D}.DebugNet35|Any CPU.Build.0 = DebugNet35|Any CPU
		{BD330A44-DABF-43E9-83B4-0750F8F1DB9D}.Release|Any CPU.ActiveCfg = Release|Any CPU
		{BD330A44-DABF-43E9-83B4-0750F8F1DB9D}.Release|Any CPU.Build.0 = Release|Any CPU
		{BD330A44-DABF-43E9-83B4-0750F8F1DB9D}.ReleaseNet20|Any CPU.ActiveCfg = ReleaseNet20|Any CPU
		{BD330A44-DABF-43E9-83B4-0750F8F1DB9D}.ReleaseNet20|Any CPU.Build.0 = ReleaseNet20|Any CPU
		{BD330A44-DABF-43E9-83B4-0750F8F1DB9D}.ReleaseNet35|Any CPU.ActiveCfg = ReleaseNet35|Any CPU
		{BD330A44-DABF-43E9-83B4-0750F8F1DB9D}.ReleaseNet35|Any CPU.Build.0 = ReleaseNet35|Any CPU
		{33DF4C92-AC4A-4A36-89A2-DB334BE3D229}.Debug|Any CPU.ActiveCfg = Debug|Any CPU
		{33DF4C92-AC4A-4A36-89A2-DB334BE3D229}.Debug|Any CPU.Build.0 = Debug|Any CPU
		{33DF4C92-AC4A-4A36-89A2-DB334BE3D229}.DebugNet20|Any CPU.ActiveCfg = DebugNet20|Any CPU
		{33DF4C92-AC4A-4A36-89A2-DB334BE3D229}.DebugNet20|Any CPU.Build.0 = DebugNet20|Any CPU
		{33DF4C92-AC4A-4A36-89A2-DB334BE3D229}.DebugNet35|Any CPU.ActiveCfg = DebugNet35|Any CPU
		{33DF4C92-AC4A-4A36-89A2-DB334BE3D229}.DebugNet35|Any CPU.Build.0 = DebugNet35|Any CPU
		{33DF4C92-AC4A-4A36-89A2-DB334BE3D229}.Release|Any CPU.ActiveCfg = Release|Any CPU
		{33DF4C92-AC4A-4A36-89A2-DB334BE3D229}.Release|Any CPU.Build.0 = Release|Any CPU
		{33DF4C92-AC4A-4A36-89A2-DB334BE3D229}.ReleaseNet20|Any CPU.ActiveCfg = ReleaseNet20|Any CPU
		{33DF4C92-AC4A-4A36-89A2-DB334BE3D229}.ReleaseNet20|Any CPU.Build.0 = ReleaseNet20|Any CPU
		{33DF4C92-AC4A-4A36-89A2-DB334BE3D229}.ReleaseNet35|Any CPU.ActiveCfg = ReleaseNet35|Any CPU
		{33DF4C92-AC4A-4A36-89A2-DB334BE3D229}.ReleaseNet35|Any CPU.Build.0 = ReleaseNet35|Any CPU
		{F48937E1-3763-465F-9F12-6CBBBFF61784}.Debug|Any CPU.ActiveCfg = Debug|Any CPU
		{F48937E1-3763-465F-9F12-6CBBBFF61784}.Debug|Any CPU.Build.0 = Debug|Any CPU
		{F48937E1-3763-465F-9F12-6CBBBFF61784}.DebugNet20|Any CPU.ActiveCfg = DebugNet20|Any CPU
		{F48937E1-3763-465F-9F12-6CBBBFF61784}.DebugNet20|Any CPU.Build.0 = DebugNet20|Any CPU
		{F48937E1-3763-465F-9F12-6CBBBFF61784}.DebugNet35|Any CPU.ActiveCfg = DebugNet35|Any CPU
		{F48937E1-3763-465F-9F12-6CBBBFF61784}.DebugNet35|Any CPU.Build.0 = DebugNet35|Any CPU
		{F48937E1-3763-465F-9F12-6CBBBFF61784}.Release|Any CPU.ActiveCfg = Release|Any CPU
		{F48937E1-3763-465F-9F12-6CBBBFF61784}.Release|Any CPU.Build.0 = Release|Any CPU
		{F48937E1-3763-465F-9F12-6CBBBFF61784}.ReleaseNet20|Any CPU.ActiveCfg = ReleaseNet20|Any CPU
		{F48937E1-3763-465F-9F12-6CBBBFF61784}.ReleaseNet20|Any CPU.Build.0 = ReleaseNet20|Any CPU
		{F48937E1-3763-465F-9F12-6CBBBFF61784}.ReleaseNet35|Any CPU.ActiveCfg = ReleaseNet35|Any CPU
		{F48937E1-3763-465F-9F12-6CBBBFF61784}.ReleaseNet35|Any CPU.Build.0 = ReleaseNet35|Any CPU
		{06237727-AEA0-4E42-85C0-C0886F425352}.Debug|Any CPU.ActiveCfg = Debug|Any CPU
		{06237727-AEA0-4E42-85C0-C0886F425352}.Debug|Any CPU.Build.0 = Debug|Any CPU
		{06237727-AEA0-4E42-85C0-C0886F425352}.DebugNet20|Any CPU.ActiveCfg = Debug|Any CPU
		{06237727-AEA0-4E42-85C0-C0886F425352}.DebugNet35|Any CPU.ActiveCfg = Debug|Any CPU
		{06237727-AEA0-4E42-85C0-C0886F425352}.Release|Any CPU.ActiveCfg = Release|Any CPU
		{06237727-AEA0-4E42-85C0-C0886F425352}.Release|Any CPU.Build.0 = Release|Any CPU
		{06237727-AEA0-4E42-85C0-C0886F425352}.ReleaseNet20|Any CPU.ActiveCfg = Release|Any CPU
		{06237727-AEA0-4E42-85C0-C0886F425352}.ReleaseNet35|Any CPU.ActiveCfg = Release|Any CPU
		{4B47068C-73D3-4F2F-BC96-8FE2B8FA4A7D}.Debug|Any CPU.ActiveCfg = Debug|Any CPU
		{4B47068C-73D3-4F2F-BC96-8FE2B8FA4A7D}.Debug|Any CPU.Build.0 = Debug|Any CPU
		{4B47068C-73D3-4F2F-BC96-8FE2B8FA4A7D}.DebugNet20|Any CPU.ActiveCfg = DebugNet20|Any CPU
		{4B47068C-73D3-4F2F-BC96-8FE2B8FA4A7D}.DebugNet20|Any CPU.Build.0 = DebugNet20|Any CPU
		{4B47068C-73D3-4F2F-BC96-8FE2B8FA4A7D}.DebugNet35|Any CPU.ActiveCfg = DebugNet20|Any CPU
		{4B47068C-73D3-4F2F-BC96-8FE2B8FA4A7D}.Release|Any CPU.ActiveCfg = Release|Any CPU
		{4B47068C-73D3-4F2F-BC96-8FE2B8FA4A7D}.Release|Any CPU.Build.0 = Release|Any CPU
		{4B47068C-73D3-4F2F-BC96-8FE2B8FA4A7D}.ReleaseNet20|Any CPU.ActiveCfg = ReleaseNet20|Any CPU
		{4B47068C-73D3-4F2F-BC96-8FE2B8FA4A7D}.ReleaseNet20|Any CPU.Build.0 = ReleaseNet20|Any CPU
		{4B47068C-73D3-4F2F-BC96-8FE2B8FA4A7D}.ReleaseNet35|Any CPU.ActiveCfg = ReleaseNet20|Any CPU
	EndGlobalSection
	GlobalSection(SolutionProperties) = preSolution
		HideSolutionNode = FALSE
	EndGlobalSection
	GlobalSection(NestedProjects) = preSolution
		{9519DC06-0A9F-4179-B9BC-B4E901A0DA30} = {C6323B35-FD0B-49FB-83BB-D084DC6697DF}
		{9F549CC7-70E8-48A4-B10F-2FA841E50238} = {C6323B35-FD0B-49FB-83BB-D084DC6697DF}
		{47DF9A89-30C2-40B8-8DAC-363E4A4BD6B5} = {C6323B35-FD0B-49FB-83BB-D084DC6697DF}
		{DD118018-2B93-11E0-8896-FBD0DFD72085} = {C6323B35-FD0B-49FB-83BB-D084DC6697DF}
		{7A7F9AC4-5C3A-42D7-B3C3-0577300CA797} = {C6323B35-FD0B-49FB-83BB-D084DC6697DF}
		{F52544A4-EC24-11DF-8FA3-0F04E0D72085} = {C6323B35-FD0B-49FB-83BB-D084DC6697DF}
		{B56D8478-0900-47C2-9113-1DC086A2D129} = {C6323B35-FD0B-49FB-83BB-D084DC6697DF}
		{562AA611-5DE4-4175-8E60-6C8F249D16B7} = {C6323B35-FD0B-49FB-83BB-D084DC6697DF}
		{606C7FB6-2C58-11E0-8161-7159DFD72085} = {C6323B35-FD0B-49FB-83BB-D084DC6697DF}
		{08A3AE07-4A76-4DE7-8CC7-CDB8A5014707} = {C6323B35-FD0B-49FB-83BB-D084DC6697DF}
		{05E49C84-D6AB-418A-9978-8200CB76DD39} = {C6323B35-FD0B-49FB-83BB-D084DC6697DF}
		{7334A4AA-B517-4102-8D4D-9B4B3A94C5FA} = {C6323B35-FD0B-49FB-83BB-D084DC6697DF}
		{2FCB7FA5-41A2-42B6-8825-F3A8194DB306} = {C6323B35-FD0B-49FB-83BB-D084DC6697DF}
		{0C8BA41E-1DF8-4B99-A867-E1A10660ECF6} = {C6323B35-FD0B-49FB-83BB-D084DC6697DF}
		{50B1586B-040A-4805-AC05-1C77721EF4BD} = {55783758-0BFF-436F-B3F8-854DA1B7E17D}
		{4B66C00D-75B5-4535-985D-466042A09A84} = {55783758-0BFF-436F-B3F8-854DA1B7E17D}
		{841CD750-F9D0-4A2D-98C7-7A340C781F41} = {55783758-0BFF-436F-B3F8-854DA1B7E17D}
		{3A9E9BC7-D028-4AF5-8017-5EC32B668F3A} = {55783758-0BFF-436F-B3F8-854DA1B7E17D}
		{8CAA29B1-94B6-46C2-AF82-E049D35775C5} = {1C0DE327-172C-4845-BCB2-68872A0CE9FF}
		{BD330A44-DABF-43E9-83B4-0750F8F1DB9D} = {1C0DE327-172C-4845-BCB2-68872A0CE9FF}
		{33DF4C92-AC4A-4A36-89A2-DB334BE3D229} = {1C0DE327-172C-4845-BCB2-68872A0CE9FF}
		{F48937E1-3763-465F-9F12-6CBBBFF61784} = {1C0DE327-172C-4845-BCB2-68872A0CE9FF}
		{06237727-AEA0-4E42-85C0-C0886F425352} = {1C0DE327-172C-4845-BCB2-68872A0CE9FF}
	EndGlobalSection
EndGlobal
