
Microsoft Visual Studio Solution File, Format Version 12.00
# Visual Studio 15
VisualStudioVersion = 15.0.26730.3
MinimumVisualStudioVersion = 14.0.23107.0
Project("{FAE04EC0-301F-11D3-BF4B-00C04F79EFBC}") = "Central.WinForms", "Central.WinForms\Central.WinForms.csproj", "{9519DC06-0A9F-4179-B9BC-B4E901A0DA30}"
EndProject
Project("{FAE04EC0-301F-11D3-BF4B-00C04F79EFBC}") = "Central", "Central\Central.csproj", "{47DF9A89-30C2-40B8-8DAC-363E4A4BD6B5}"
EndProject
Project("{FAE04EC0-301F-11D3-BF4B-00C04F79EFBC}") = "Commands.WinForms", "Commands.WinForms\Commands.WinForms.csproj", "{7A7F9AC4-5C3A-42D7-B3C3-0577300CA797}"
EndProject
Project("{FAE04EC0-301F-11D3-BF4B-00C04F79EFBC}") = "Launcher.Cli", "Launcher.Cli\Launcher.Cli.csproj", "{B56D8478-0900-47C2-9113-1DC086A2D129}"
EndProject
Project("{FAE04EC0-301F-11D3-BF4B-00C04F79EFBC}") = "Alias.Cli", "Alias.Cli\Alias.Cli.csproj", "{562AA611-5DE4-4175-8E60-6C8F249D16B7}"
EndProject
Project("{FAE04EC0-301F-11D3-BF4B-00C04F79EFBC}") = "Store.Management.Cli", "Store.Management.Cli\Store.Management.Cli.csproj", "{05E49C84-D6AB-418A-9978-8200CB76DD39}"
EndProject
Project("{FAE04EC0-301F-11D3-BF4B-00C04F79EFBC}") = "Store.Service", "Store.Service\Store.Service.csproj", "{7334A4AA-B517-4102-8D4D-9B4B3A94C5FA}"
EndProject
Project("{FAE04EC0-301F-11D3-BF4B-00C04F79EFBC}") = "OneGet", "OneGet\OneGet.csproj", "{2FCB7FA5-41A2-42B6-8825-F3A8194DB306}"
EndProject
Project("{FAE04EC0-301F-11D3-BF4B-00C04F79EFBC}") = "Bootstrap", "Bootstrap\Bootstrap.csproj", "{4B47068C-73D3-4F2F-BC96-8FE2B8FA4A7D}"
EndProject
Project("{FAE04EC0-301F-11D3-BF4B-00C04F79EFBC}") = "Bootstrap.WinForms", "Bootstrap.WinForms\Bootstrap.WinForms.csproj", "{C2FAC835-333A-4219-9872-50B1172167E5}"
EndProject
Project("{FAE04EC0-301F-11D3-BF4B-00C04F79EFBC}") = "OneGet.Bootstrap", "OneGet.Bootstrap\OneGet.Bootstrap.csproj", "{187CD9C1-DD75-49E8-AEBB-F73D8E4F9BE3}"
EndProject
Project("{2150E333-8FDC-42A3-9474-1A3956D46DE8}") = "Shared", "Shared", "{FF4B5DDF-618F-4D5A-82CF-A41C13740BEB}"
ProjectSection(SolutionItems) = preProject
	Directory.Build.props = Directory.Build.props
	app.cli.manifest = app.cli.manifest
	app.service.manifest = app.service.manifest
	app.winforms.manifest = app.winforms.manifest
EndProjectSection
EndProject
Global
	GlobalSection(SolutionConfigurationPlatforms) = preSolution
		Debug|Any CPU = Debug|Any CPU
		Release|Any CPU = Release|Any CPU
	EndGlobalSection
	GlobalSection(ProjectConfigurationPlatforms) = postSolution
		{9519DC06-0A9F-4179-B9BC-B4E901A0DA30}.Debug|Any CPU.ActiveCfg = Debug|Any CPU
		{9519DC06-0A9F-4179-B9BC-B4E901A0DA30}.Debug|Any CPU.Build.0 = Debug|Any CPU
		{9519DC06-0A9F-4179-B9BC-B4E901A0DA30}.Release|Any CPU.ActiveCfg = Release|Any CPU
		{9519DC06-0A9F-4179-B9BC-B4E901A0DA30}.Release|Any CPU.Build.0 = Release|Any CPU
		{47DF9A89-30C2-40B8-8DAC-363E4A4BD6B5}.Debug|Any CPU.ActiveCfg = Debug|Any CPU
		{47DF9A89-30C2-40B8-8DAC-363E4A4BD6B5}.Debug|Any CPU.Build.0 = Debug|Any CPU
		{47DF9A89-30C2-40B8-8DAC-363E4A4BD6B5}.Release|Any CPU.ActiveCfg = Release|Any CPU
		{47DF9A89-30C2-40B8-8DAC-363E4A4BD6B5}.Release|Any CPU.Build.0 = Release|Any CPU
		{7A7F9AC4-5C3A-42D7-B3C3-0577300CA797}.Debug|Any CPU.ActiveCfg = Debug|Any CPU
		{7A7F9AC4-5C3A-42D7-B3C3-0577300CA797}.Debug|Any CPU.Build.0 = Debug|Any CPU
		{7A7F9AC4-5C3A-42D7-B3C3-0577300CA797}.Release|Any CPU.ActiveCfg = Release|Any CPU
		{7A7F9AC4-5C3A-42D7-B3C3-0577300CA797}.Release|Any CPU.Build.0 = Release|Any CPU
		{B56D8478-0900-47C2-9113-1DC086A2D129}.Debug|Any CPU.ActiveCfg = Debug|Any CPU
		{B56D8478-0900-47C2-9113-1DC086A2D129}.Debug|Any CPU.Build.0 = Debug|Any CPU
		{B56D8478-0900-47C2-9113-1DC086A2D129}.Release|Any CPU.ActiveCfg = Release|Any CPU
		{B56D8478-0900-47C2-9113-1DC086A2D129}.Release|Any CPU.Build.0 = Release|Any CPU
		{562AA611-5DE4-4175-8E60-6C8F249D16B7}.Debug|Any CPU.ActiveCfg = Debug|Any CPU
		{562AA611-5DE4-4175-8E60-6C8F249D16B7}.Debug|Any CPU.Build.0 = Debug|Any CPU
		{562AA611-5DE4-4175-8E60-6C8F249D16B7}.Release|Any CPU.ActiveCfg = Release|Any CPU
		{562AA611-5DE4-4175-8E60-6C8F249D16B7}.Release|Any CPU.Build.0 = Release|Any CPU
		{05E49C84-D6AB-418A-9978-8200CB76DD39}.Debug|Any CPU.ActiveCfg = Debug|Any CPU
		{05E49C84-D6AB-418A-9978-8200CB76DD39}.Debug|Any CPU.Build.0 = Debug|Any CPU
		{05E49C84-D6AB-418A-9978-8200CB76DD39}.Release|Any CPU.ActiveCfg = Release|Any CPU
		{05E49C84-D6AB-418A-9978-8200CB76DD39}.Release|Any CPU.Build.0 = Release|Any CPU
		{7334A4AA-B517-4102-8D4D-9B4B3A94C5FA}.Debug|Any CPU.ActiveCfg = Debug|Any CPU
		{7334A4AA-B517-4102-8D4D-9B4B3A94C5FA}.Debug|Any CPU.Build.0 = Debug|Any CPU
		{7334A4AA-B517-4102-8D4D-9B4B3A94C5FA}.Release|Any CPU.ActiveCfg = Release|Any CPU
		{7334A4AA-B517-4102-8D4D-9B4B3A94C5FA}.Release|Any CPU.Build.0 = Release|Any CPU
		{2FCB7FA5-41A2-42B6-8825-F3A8194DB306}.Debug|Any CPU.ActiveCfg = Debug|Any CPU
		{2FCB7FA5-41A2-42B6-8825-F3A8194DB306}.Debug|Any CPU.Build.0 = Debug|Any CPU
		{2FCB7FA5-41A2-42B6-8825-F3A8194DB306}.Release|Any CPU.ActiveCfg = Release|Any CPU
		{2FCB7FA5-41A2-42B6-8825-F3A8194DB306}.Release|Any CPU.Build.0 = Release|Any CPU
		{4B47068C-73D3-4F2F-BC96-8FE2B8FA4A7D}.Debug|Any CPU.ActiveCfg = Debug|Any CPU
		{4B47068C-73D3-4F2F-BC96-8FE2B8FA4A7D}.Debug|Any CPU.Build.0 = Debug|Any CPU
		{4B47068C-73D3-4F2F-BC96-8FE2B8FA4A7D}.Release|Any CPU.ActiveCfg = Release|Any CPU
		{4B47068C-73D3-4F2F-BC96-8FE2B8FA4A7D}.Release|Any CPU.Build.0 = Release|Any CPU
		{C2FAC835-333A-4219-9872-50B1172167E5}.Debug|Any CPU.ActiveCfg = Debug|Any CPU
		{C2FAC835-333A-4219-9872-50B1172167E5}.Debug|Any CPU.Build.0 = Debug|Any CPU
		{C2FAC835-333A-4219-9872-50B1172167E5}.Release|Any CPU.ActiveCfg = Release|Any CPU
		{C2FAC835-333A-4219-9872-50B1172167E5}.Release|Any CPU.Build.0 = Release|Any CPU
		{187CD9C1-DD75-49E8-AEBB-F73D8E4F9BE3}.Debug|Any CPU.ActiveCfg = Debug|Any CPU
		{187CD9C1-DD75-49E8-AEBB-F73D8E4F9BE3}.Debug|Any CPU.Build.0 = Debug|Any CPU
		{187CD9C1-DD75-49E8-AEBB-F73D8E4F9BE3}.Release|Any CPU.ActiveCfg = Release|Any CPU
		{187CD9C1-DD75-49E8-AEBB-F73D8E4F9BE3}.Release|Any CPU.Build.0 = Release|Any CPU
	EndGlobalSection
	GlobalSection(SolutionProperties) = preSolution
		HideSolutionNode = FALSE
	EndGlobalSection
	GlobalSection(ExtensibilityGlobals) = postSolution
		SolutionGuid = {5B5EC1FF-2BC1-4A12-9E9B-CA1FC990A0A5}
	EndGlobalSection
EndGlobal
